Microsoft Visual Studio Solution File, Format Version 12.00
# Visual Studio Version 16
VisualStudioVersion = 16.0.28803.452
MinimumVisualStudioVersion = 15.0.26124.0
Project("{8BC9CEB8-8B4A-11D0-8D11-00A0C91BC942}") = "Datadog.Trace.ClrProfiler.Native", "src\Datadog.Trace.ClrProfiler.Native\Datadog.Trace.ClrProfiler.Native.vcxproj", "{91B6272F-5780-4C94-8071-DBBA7B4F67F3}"
	ProjectSection(ProjectDependencies) = postProject
		{AB8596C1-CFDA-4A5E-9E9C-74A3DF9AED77} = {AB8596C1-CFDA-4A5E-9E9C-74A3DF9AED77}
	EndProjectSection
EndProject
Project("{8BC9CEB8-8B4A-11D0-8D11-00A0C91BC942}") = "Datadog.Trace.ClrProfiler.Native.DLL", "src\Datadog.Trace.ClrProfiler.Native\Datadog.Trace.ClrProfiler.Native.DLL.vcxproj", "{C0C8D381-D6B9-4C76-9428-F40F2FA93A9A}"
	ProjectSection(ProjectDependencies) = postProject
		{AB8596C1-CFDA-4A5E-9E9C-74A3DF9AED77} = {AB8596C1-CFDA-4A5E-9E9C-74A3DF9AED77}
	EndProjectSection
EndProject
Project("{2150E333-8FDC-42A3-9474-1A3956D46DE8}") = "Solution Items", "Solution Items", "{FEBCE7DC-9FD1-48A6-B911-71ABB240A030}"
	ProjectSection(SolutionItems) = preProject
		.dockerignore = .dockerignore
		.editorconfig = .editorconfig
		.gitattributes = .gitattributes
		.gitignore = .gitignore
		Datadog.Trace.proj = Datadog.Trace.proj
		Directory.Build.props = Directory.Build.props
		docker-compose.yml = docker-compose.yml
		GlobalSuppressions.cs = GlobalSuppressions.cs
		integrations.json = integrations.json
		LICENSE = LICENSE
		LICENSE-3rdparty.csv = LICENSE-3rdparty.csv
		OpenTelemetry.AutoInstrumentation.snk = OpenTelemetry.AutoInstrumentation.snk
		docs\README.md = docs\README.md
		stylecop.json = stylecop.json
	EndProjectSection
EndProject
Project("{2150E333-8FDC-42A3-9474-1A3956D46DE8}") = "src", "src", "{9E5F0022-0A50-40BF-AC6A-C3078585ECAB}"
	ProjectSection(SolutionItems) = preProject
		src\Directory.Build.props = src\Directory.Build.props
		src\GlobalSuppressions.cs = src\GlobalSuppressions.cs
	EndProjectSection
EndProject
Project("{2150E333-8FDC-42A3-9474-1A3956D46DE8}") = "test", "test", "{8CEC2042-F11C-49F5-A674-2355793B600A}"
	ProjectSection(SolutionItems) = preProject
		test\Directory.Build.props = test\Directory.Build.props
		test\GlobalSuppressions.cs = test\GlobalSuppressions.cs
	EndProjectSection
EndProject
Project("{2150E333-8FDC-42A3-9474-1A3956D46DE8}") = "tools", "tools", "{5D8E1F81-B820-4736-B797-271B0FE787EE}"
	ProjectSection(SolutionItems) = preProject
		tools\Directory.Build.props = tools\Directory.Build.props
		tools\GlobalSuppressions.cs = tools\GlobalSuppressions.cs
	EndProjectSection
EndProject
Project("{9A19103F-16F7-4668-BE54-9A1E7A4F7556}") = "GeneratePackageVersions", "build\tools\GeneratePackageVersions\GeneratePackageVersions.csproj", "{24B0357D-B0C8-46C7-96F6-006E3F66662A}"
EndProject
Project("{9A19103F-16F7-4668-BE54-9A1E7A4F7556}") = "Datadog.Trace.ClrProfiler.Managed.Loader", "src\Datadog.Trace.ClrProfiler.Managed.Loader\Datadog.Trace.ClrProfiler.Managed.Loader.csproj", "{AB8596C1-CFDA-4A5E-9E9C-74A3DF9AED77}"
EndProject
Project("{2150E333-8FDC-42A3-9474-1A3956D46DE8}") = "docker", "docker", "{6ABAD006-E206-488E-ACA1-1AA73F9B5146}"
	ProjectSection(SolutionItems) = preProject
		build\docker\build.arm64.sh = build\docker\build.arm64.sh
		build\docker\build.sh = build\docker\build.sh
		build\docker\Datadog.Trace.ClrProfiler.IntegrationTests.sh = build\docker\Datadog.Trace.ClrProfiler.IntegrationTests.sh
		build\docker\Datadog.Trace.ClrProfiler.Native.sh = build\docker\Datadog.Trace.ClrProfiler.Native.sh
		build\docker\dotnet.dockerfile = build\docker\dotnet.dockerfile
		build\docker\linux-build.dockerfile = build\docker\linux-build.dockerfile
		build\docker\native.dockerfile = build\docker\native.dockerfile
		build\docker\package.dockerfile = build\docker\package.dockerfile
		build\docker\package.sh = build\docker\package.sh
		build\docker\with-profiler-logs.bash = build\docker\with-profiler-logs.bash
		build\docker\with-profiler.bash = build\docker\with-profiler.bash
	EndProjectSection
EndProject
Project("{2150E333-8FDC-42A3-9474-1A3956D46DE8}") = ".azure-pipelines", ".azure-pipelines", "{C52D6695-4E05-4930-88F8-0EFF8056A967}"
	ProjectSection(SolutionItems) = preProject
		.azure-pipelines\benchmarks.yml = .azure-pipelines\benchmarks.yml
		.azure-pipelines\crank.yml = .azure-pipelines\crank.yml
		.azure-pipelines\integration-tests.yml = .azure-pipelines\integration-tests.yml
		.azure-pipelines\packages.yml = .azure-pipelines\packages.yml
		.azure-pipelines\runner.yml = .azure-pipelines\runner.yml
		.azure-pipelines\setup_tracer.ps1 = .azure-pipelines\setup_tracer.ps1
		.azure-pipelines\unit-tests.yml = .azure-pipelines\unit-tests.yml
	EndProjectSection
EndProject
Project("{9A19103F-16F7-4668-BE54-9A1E7A4F7556}") = "Datadog.Core.Tools", "tools\Datadog.Core.Tools\Datadog.Core.Tools.csproj", "{3BEACB10-89FE-4F74-8022-1A52F223CE82}"
EndProject
Project("{9A19103F-16F7-4668-BE54-9A1E7A4F7556}") = "Samples.AspNetCoreMvc31", "test\test-applications\integrations\Samples.AspNetCoreMvc31\Samples.AspNetCoreMvc31.csproj", "{303F8E41-691F-4453-AB7D-88A0036C0465}"
EndProject
Project("{9A19103F-16F7-4668-BE54-9A1E7A4F7556}") = "Samples.AspNetCoreMvc21", "test\test-applications\integrations\Samples.AspNetCoreMvc21\Samples.AspNetCoreMvc21.csproj", "{D141BD06-DD95-4CAF-85CD-657116E0DAD4}"
EndProject
Project("{2150E333-8FDC-42A3-9474-1A3956D46DE8}") = "test-applications", "test-applications", "{9518425A-36A5-4B8F-B0B8-6137DB88441D}"
	ProjectSection(SolutionItems) = preProject
		test\test-applications\Directory.Build.props = test\test-applications\Directory.Build.props
	EndProjectSection
EndProject
Project("{2150E333-8FDC-42A3-9474-1A3956D46DE8}") = "integrations", "integrations", "{BAF8F246-3645-42AD-B1D0-0F7EAFBAB34A}"
	ProjectSection(SolutionItems) = preProject
		test\test-applications\integrations\Directory.Build.props = test\test-applications\integrations\Directory.Build.props
	EndProjectSection
EndProject
Project("{2150E333-8FDC-42A3-9474-1A3956D46DE8}") = "build", "build", "{A0C5FBBB-CFB2-4FB9-B8F0-55676E9DCF06}"
	ProjectSection(SolutionItems) = preProject
		build\PackageVersionsComprehensive.g.props = build\PackageVersionsComprehensive.g.props
		build\PackageVersionsGeneratorDefinitions.json = build\PackageVersionsGeneratorDefinitions.json
		build\PackageVersionsLatestMinors.g.props = build\PackageVersionsLatestMinors.g.props
	EndProjectSection
EndProject
Project("{2150E333-8FDC-42A3-9474-1A3956D46DE8}") = "tools", "tools", "{C70D6696-23F0-4C3D-9C2A-94C4868D5249}"
EndProject
Project("{2150E333-8FDC-42A3-9474-1A3956D46DE8}") = "artifacts", "artifacts", "{CC53E5C5-9D3E-4AD9-A9CA-D2190463EB5B}"
	ProjectSection(SolutionItems) = preProject
		build\artifacts\createLogPath.sh = build\artifacts\createLogPath.sh
	EndProjectSection
EndProject
Project("{2150E333-8FDC-42A3-9474-1A3956D46DE8}") = "crank", "crank", "{E3FB283A-B766-4887-95E1-329667671921}"
	ProjectSection(SolutionItems) = preProject
		build\crank\run.sh = build\crank\run.sh
		build\crank\Samples.AspNetCoreSimpleController.yml = build\crank\Samples.AspNetCoreSimpleController.yml
	EndProjectSection
EndProject
Global
	GlobalSection(SolutionConfigurationPlatforms) = preSolution
		Debug|Any CPU = Debug|Any CPU
		Debug|x64 = Debug|x64
		Debug|x86 = Debug|x86
		Release|Any CPU = Release|Any CPU
		Release|x64 = Release|x64
		Release|x86 = Release|x86
	EndGlobalSection
	GlobalSection(ProjectConfigurationPlatforms) = postSolution
		{91B6272F-5780-4C94-8071-DBBA7B4F67F3}.Debug|Any CPU.ActiveCfg = Debug|Win32
		{91B6272F-5780-4C94-8071-DBBA7B4F67F3}.Debug|x64.ActiveCfg = Debug|x64
		{91B6272F-5780-4C94-8071-DBBA7B4F67F3}.Debug|x64.Build.0 = Debug|x64
		{91B6272F-5780-4C94-8071-DBBA7B4F67F3}.Debug|x86.ActiveCfg = Debug|Win32
		{91B6272F-5780-4C94-8071-DBBA7B4F67F3}.Debug|x86.Build.0 = Debug|Win32
		{91B6272F-5780-4C94-8071-DBBA7B4F67F3}.Release|Any CPU.ActiveCfg = Release|Win32
		{91B6272F-5780-4C94-8071-DBBA7B4F67F3}.Release|x64.ActiveCfg = Release|x64
		{91B6272F-5780-4C94-8071-DBBA7B4F67F3}.Release|x64.Build.0 = Release|x64
		{91B6272F-5780-4C94-8071-DBBA7B4F67F3}.Release|x86.ActiveCfg = Release|Win32
		{91B6272F-5780-4C94-8071-DBBA7B4F67F3}.Release|x86.Build.0 = Release|Win32
		{C0C8D381-D6B9-4C76-9428-F40F2FA93A9A}.Debug|Any CPU.ActiveCfg = Debug|Win32
		{C0C8D381-D6B9-4C76-9428-F40F2FA93A9A}.Debug|x64.ActiveCfg = Debug|x64
		{C0C8D381-D6B9-4C76-9428-F40F2FA93A9A}.Debug|x64.Build.0 = Debug|x64
		{C0C8D381-D6B9-4C76-9428-F40F2FA93A9A}.Debug|x86.ActiveCfg = Debug|Win32
		{C0C8D381-D6B9-4C76-9428-F40F2FA93A9A}.Debug|x86.Build.0 = Debug|Win32
		{C0C8D381-D6B9-4C76-9428-F40F2FA93A9A}.Release|Any CPU.ActiveCfg = Release|Win32
		{C0C8D381-D6B9-4C76-9428-F40F2FA93A9A}.Release|x64.ActiveCfg = Release|x64
		{C0C8D381-D6B9-4C76-9428-F40F2FA93A9A}.Release|x64.Build.0 = Release|x64
		{C0C8D381-D6B9-4C76-9428-F40F2FA93A9A}.Release|x86.ActiveCfg = Release|Win32
		{C0C8D381-D6B9-4C76-9428-F40F2FA93A9A}.Release|x86.Build.0 = Release|Win32
		{24B0357D-B0C8-46C7-96F6-006E3F66662A}.Debug|Any CPU.ActiveCfg = Debug|Any CPU
		{24B0357D-B0C8-46C7-96F6-006E3F66662A}.Debug|Any CPU.Build.0 = Debug|Any CPU
		{24B0357D-B0C8-46C7-96F6-006E3F66662A}.Debug|x64.ActiveCfg = Debug|Any CPU
		{24B0357D-B0C8-46C7-96F6-006E3F66662A}.Debug|x64.Build.0 = Debug|Any CPU
		{24B0357D-B0C8-46C7-96F6-006E3F66662A}.Debug|x86.ActiveCfg = Debug|Any CPU
		{24B0357D-B0C8-46C7-96F6-006E3F66662A}.Debug|x86.Build.0 = Debug|Any CPU
		{24B0357D-B0C8-46C7-96F6-006E3F66662A}.Release|Any CPU.ActiveCfg = Release|Any CPU
		{24B0357D-B0C8-46C7-96F6-006E3F66662A}.Release|Any CPU.Build.0 = Release|Any CPU
		{24B0357D-B0C8-46C7-96F6-006E3F66662A}.Release|x64.ActiveCfg = Release|Any CPU
		{24B0357D-B0C8-46C7-96F6-006E3F66662A}.Release|x64.Build.0 = Release|Any CPU
		{24B0357D-B0C8-46C7-96F6-006E3F66662A}.Release|x86.ActiveCfg = Release|Any CPU
		{24B0357D-B0C8-46C7-96F6-006E3F66662A}.Release|x86.Build.0 = Release|Any CPU
		{AB8596C1-CFDA-4A5E-9E9C-74A3DF9AED77}.Debug|Any CPU.ActiveCfg = Debug|Any CPU
		{AB8596C1-CFDA-4A5E-9E9C-74A3DF9AED77}.Debug|Any CPU.Build.0 = Debug|Any CPU
		{AB8596C1-CFDA-4A5E-9E9C-74A3DF9AED77}.Debug|x64.ActiveCfg = Debug|Any CPU
		{AB8596C1-CFDA-4A5E-9E9C-74A3DF9AED77}.Debug|x64.Build.0 = Debug|Any CPU
		{AB8596C1-CFDA-4A5E-9E9C-74A3DF9AED77}.Debug|x86.ActiveCfg = Debug|Any CPU
		{AB8596C1-CFDA-4A5E-9E9C-74A3DF9AED77}.Debug|x86.Build.0 = Debug|Any CPU
		{AB8596C1-CFDA-4A5E-9E9C-74A3DF9AED77}.Release|Any CPU.ActiveCfg = Release|Any CPU
		{AB8596C1-CFDA-4A5E-9E9C-74A3DF9AED77}.Release|Any CPU.Build.0 = Release|Any CPU
		{AB8596C1-CFDA-4A5E-9E9C-74A3DF9AED77}.Release|x64.ActiveCfg = Release|Any CPU
		{AB8596C1-CFDA-4A5E-9E9C-74A3DF9AED77}.Release|x64.Build.0 = Release|Any CPU
		{AB8596C1-CFDA-4A5E-9E9C-74A3DF9AED77}.Release|x86.ActiveCfg = Release|Any CPU
		{AB8596C1-CFDA-4A5E-9E9C-74A3DF9AED77}.Release|x86.Build.0 = Release|Any CPU
		{3BEACB10-89FE-4F74-8022-1A52F223CE82}.Debug|Any CPU.ActiveCfg = Debug|Any CPU
		{3BEACB10-89FE-4F74-8022-1A52F223CE82}.Debug|Any CPU.Build.0 = Debug|Any CPU
		{3BEACB10-89FE-4F74-8022-1A52F223CE82}.Debug|x64.ActiveCfg = Debug|Any CPU
		{3BEACB10-89FE-4F74-8022-1A52F223CE82}.Debug|x64.Build.0 = Debug|Any CPU
		{3BEACB10-89FE-4F74-8022-1A52F223CE82}.Debug|x86.ActiveCfg = Debug|Any CPU
		{3BEACB10-89FE-4F74-8022-1A52F223CE82}.Debug|x86.Build.0 = Debug|Any CPU
		{3BEACB10-89FE-4F74-8022-1A52F223CE82}.Release|Any CPU.ActiveCfg = Release|Any CPU
		{3BEACB10-89FE-4F74-8022-1A52F223CE82}.Release|Any CPU.Build.0 = Release|Any CPU
		{3BEACB10-89FE-4F74-8022-1A52F223CE82}.Release|x64.ActiveCfg = Release|Any CPU
		{3BEACB10-89FE-4F74-8022-1A52F223CE82}.Release|x64.Build.0 = Release|Any CPU
		{3BEACB10-89FE-4F74-8022-1A52F223CE82}.Release|x86.ActiveCfg = Release|Any CPU
		{3BEACB10-89FE-4F74-8022-1A52F223CE82}.Release|x86.Build.0 = Release|Any CPU
		{303F8E41-691F-4453-AB7D-88A0036C0465}.Debug|Any CPU.ActiveCfg = Debug|x86
		{303F8E41-691F-4453-AB7D-88A0036C0465}.Debug|x64.ActiveCfg = Debug|x64
		{303F8E41-691F-4453-AB7D-88A0036C0465}.Debug|x64.Build.0 = Debug|x64
		{303F8E41-691F-4453-AB7D-88A0036C0465}.Debug|x86.ActiveCfg = Debug|x86
		{303F8E41-691F-4453-AB7D-88A0036C0465}.Debug|x86.Build.0 = Debug|x86
		{303F8E41-691F-4453-AB7D-88A0036C0465}.Release|Any CPU.ActiveCfg = Release|x86
		{303F8E41-691F-4453-AB7D-88A0036C0465}.Release|x64.ActiveCfg = Release|x64
		{303F8E41-691F-4453-AB7D-88A0036C0465}.Release|x64.Build.0 = Release|x64
		{303F8E41-691F-4453-AB7D-88A0036C0465}.Release|x86.ActiveCfg = Release|x86
		{303F8E41-691F-4453-AB7D-88A0036C0465}.Release|x86.Build.0 = Release|x86
		{D141BD06-DD95-4CAF-85CD-657116E0DAD4}.Debug|Any CPU.ActiveCfg = Debug|x86
		{D141BD06-DD95-4CAF-85CD-657116E0DAD4}.Debug|x64.ActiveCfg = Debug|x64
		{D141BD06-DD95-4CAF-85CD-657116E0DAD4}.Debug|x64.Build.0 = Debug|x64
		{D141BD06-DD95-4CAF-85CD-657116E0DAD4}.Debug|x86.ActiveCfg = Debug|x86
		{D141BD06-DD95-4CAF-85CD-657116E0DAD4}.Debug|x86.Build.0 = Debug|x86
		{D141BD06-DD95-4CAF-85CD-657116E0DAD4}.Release|Any CPU.ActiveCfg = Release|x86
		{D141BD06-DD95-4CAF-85CD-657116E0DAD4}.Release|x64.ActiveCfg = Release|x64
		{D141BD06-DD95-4CAF-85CD-657116E0DAD4}.Release|x64.Build.0 = Release|x64
		{D141BD06-DD95-4CAF-85CD-657116E0DAD4}.Release|x86.ActiveCfg = Release|x86
		{D141BD06-DD95-4CAF-85CD-657116E0DAD4}.Release|x86.Build.0 = Release|x86
	EndGlobalSection
	GlobalSection(SolutionProperties) = preSolution
		HideSolutionNode = FALSE
	EndGlobalSection
	GlobalSection(NestedProjects) = preSolution
		{91B6272F-5780-4C94-8071-DBBA7B4F67F3} = {9E5F0022-0A50-40BF-AC6A-C3078585ECAB}
		{C0C8D381-D6B9-4C76-9428-F40F2FA93A9A} = {9E5F0022-0A50-40BF-AC6A-C3078585ECAB}
		{24B0357D-B0C8-46C7-96F6-006E3F66662A} = {C70D6696-23F0-4C3D-9C2A-94C4868D5249}
		{AB8596C1-CFDA-4A5E-9E9C-74A3DF9AED77} = {9E5F0022-0A50-40BF-AC6A-C3078585ECAB}
		{6ABAD006-E206-488E-ACA1-1AA73F9B5146} = {A0C5FBBB-CFB2-4FB9-B8F0-55676E9DCF06}
		{C52D6695-4E05-4930-88F8-0EFF8056A967} = {FEBCE7DC-9FD1-48A6-B911-71ABB240A030}
		{3BEACB10-89FE-4F74-8022-1A52F223CE82} = {5D8E1F81-B820-4736-B797-271B0FE787EE}
		{303F8E41-691F-4453-AB7D-88A0036C0465} = {BAF8F246-3645-42AD-B1D0-0F7EAFBAB34A}
		{D141BD06-DD95-4CAF-85CD-657116E0DAD4} = {BAF8F246-3645-42AD-B1D0-0F7EAFBAB34A}
		{9518425A-36A5-4B8F-B0B8-6137DB88441D} = {8CEC2042-F11C-49F5-A674-2355793B600A}
		{BAF8F246-3645-42AD-B1D0-0F7EAFBAB34A} = {9518425A-36A5-4B8F-B0B8-6137DB88441D}
		{C70D6696-23F0-4C3D-9C2A-94C4868D5249} = {A0C5FBBB-CFB2-4FB9-B8F0-55676E9DCF06}
		{CC53E5C5-9D3E-4AD9-A9CA-D2190463EB5B} = {A0C5FBBB-CFB2-4FB9-B8F0-55676E9DCF06}
		{E3FB283A-B766-4887-95E1-329667671921} = {A0C5FBBB-CFB2-4FB9-B8F0-55676E9DCF06}
	EndGlobalSection
	GlobalSection(ExtensibilityGlobals) = postSolution
		SolutionGuid = {160A1D00-1F5B-40F8-A155-621B4459D78F}
	EndGlobalSection
EndGlobal
