
Microsoft Visual Studio Solution File, Format Version 12.00
# Visual Studio Version 17
VisualStudioVersion = 17.0.32112.339
MinimumVisualStudioVersion = 15.0.26124.0
Project("{8BC9CEB8-8B4A-11D0-8D11-00A0C91BC942}") = "OpenTelemetry.AutoInstrumentation.Native", "src\OpenTelemetry.AutoInstrumentation.Native\OpenTelemetry.AutoInstrumentation.Native.vcxproj", "{91B6272F-5780-4C94-8071-DBBA7B4F67F3}"
	ProjectSection(ProjectDependencies) = postProject
		{AB8596C1-CFDA-4A5E-9E9C-74A3DF9AED77} = {AB8596C1-CFDA-4A5E-9E9C-74A3DF9AED77}
	EndProjectSection
EndProject
Project("{8BC9CEB8-8B4A-11D0-8D11-00A0C91BC942}") = "OpenTelemetry.AutoInstrumentation.Native.DLL", "src\OpenTelemetry.AutoInstrumentation.Native\OpenTelemetry.AutoInstrumentation.Native.DLL.vcxproj", "{C0C8D381-D6B9-4C76-9428-F40F2FA93A9A}"
	ProjectSection(ProjectDependencies) = postProject
		{AB8596C1-CFDA-4A5E-9E9C-74A3DF9AED77} = {AB8596C1-CFDA-4A5E-9E9C-74A3DF9AED77}
	EndProjectSection
EndProject
Project("{2150E333-8FDC-42A3-9474-1A3956D46DE8}") = "Solution Items", "Solution Items", "{FEBCE7DC-9FD1-48A6-B911-71ABB240A030}"
	ProjectSection(SolutionItems) = preProject
		.dockerignore = .dockerignore
		.editorconfig = .editorconfig
		.gitattributes = .gitattributes
		.gitignore = .gitignore
		build.cmd = build.cmd
		build.ps1 = build.ps1
		build.sh = build.sh
		CHANGELOG.md = CHANGELOG.md
		Directory.Build.props = Directory.Build.props
		GlobalSuppressions.cs = GlobalSuppressions.cs
		integrations.json = integrations.json
		LICENSE = LICENSE
		docs\README.md = docs\README.md
		run-example.sh = run-example.sh
		stylecop.json = stylecop.json
	EndProjectSection
EndProject
Project("{2150E333-8FDC-42A3-9474-1A3956D46DE8}") = "src", "src", "{9E5F0022-0A50-40BF-AC6A-C3078585ECAB}"
	ProjectSection(SolutionItems) = preProject
		src\Directory.Build.props = src\Directory.Build.props
		src\GlobalSuppressions.cs = src\GlobalSuppressions.cs
	EndProjectSection
EndProject
Project("{9A19103F-16F7-4668-BE54-9A1E7A4F7556}") = "OpenTelemetry.AutoInstrumentation.Loader", "src\OpenTelemetry.AutoInstrumentation.Loader\OpenTelemetry.AutoInstrumentation.Loader.csproj", "{AB8596C1-CFDA-4A5E-9E9C-74A3DF9AED77}"
EndProject
Project("{9A19103F-16F7-4668-BE54-9A1E7A4F7556}") = "Examples.AspNetCoreMvc", "examples\AspNetCoreMvc\Examples.AspNetCoreMvc.csproj", "{303F8E41-691F-4453-AB7D-88A0036C0465}"
EndProject
Project("{2150E333-8FDC-42A3-9474-1A3956D46DE8}") = "examples", "examples", "{BAF8F246-3645-42AD-B1D0-0F7EAFBAB34A}"
	ProjectSection(SolutionItems) = preProject
		test\test-applications\integrations\Directory.Build.props = test\test-applications\integrations\Directory.Build.props
		examples\docker-compose.yaml = examples\docker-compose.yaml
	EndProjectSection
EndProject
Project("{9A19103F-16F7-4668-BE54-9A1E7A4F7556}") = "Examples.ConsoleApp", "examples\ConsoleApp\Examples.ConsoleApp.csproj", "{2A172931-3439-4563-A6E5-525924DC2F76}"
EndProject
Project("{9A19103F-16F7-4668-BE54-9A1E7A4F7556}") = "OpenTelemetry.AutoInstrumentation", "src\OpenTelemetry.AutoInstrumentation\OpenTelemetry.AutoInstrumentation.csproj", "{6690361C-CCD8-42C4-A5CF-82D554B03A3D}"
EndProject
Project("{9A19103F-16F7-4668-BE54-9A1E7A4F7556}") = "Examples.ConsoleApp.SelfBootstrap", "examples\ConsoleApp.SelfBootstrap\Examples.ConsoleApp.SelfBootstrap.csproj", "{7EA51D34-8E0E-4548-8A7F-5C6F9C3533AF}"
EndProject
Project("{9A19103F-16F7-4668-BE54-9A1E7A4F7556}") = "Examples.OpenTracingLibrary", "examples\OpenTracingLibrary\Examples.OpenTracingLibrary.csproj", "{7220BDBB-084D-40B3-A710-19E3C7147185}"
EndProject
Project("{9A19103F-16F7-4668-BE54-9A1E7A4F7556}") = "OpenTelemetry.AutoInstrumentation.Core", "src\OpenTelemetry.AutoInstrumentation.Core\OpenTelemetry.AutoInstrumentation.Core.csproj", "{8BA1CCCC-B07C-46DD-9D54-0B98B3001100}"
EndProject
Project("{9A19103F-16F7-4668-BE54-9A1E7A4F7556}") = "Examples.BindingRedirect", "examples\BindingRedirect\Examples.BindingRedirect.csproj", "{94089CFF-FD2A-45EF-A496-874569882E81}"
EndProject
Project("{9A19103F-16F7-4668-BE54-9A1E7A4F7556}") = "Examples.OldReference", "examples\OldReference\Examples.OldReference.csproj", "{4C10E5C1-E212-4744-B92E-49A3AFC314FC}"
EndProject
Project("{8BC9CEB8-8B4A-11D0-8D11-00A0C91BC942}") = "OpenTelemetry.AutoInstrumentation.Native.Tests", "test\OpenTelemetry.AutoInstrumentation.Native.Tests\OpenTelemetry.AutoInstrumentation.Native.Tests.vcxproj", "{5728056A-51AA-4FF5-AD0C-E86E44E36102}"
EndProject
Project("{2150E333-8FDC-42A3-9474-1A3956D46DE8}") = "dependency-libs", "dependency-libs", "{82A3CE96-0935-45E5-A9AA-A93A5B63500B}"
EndProject
Project("{9A19103F-16F7-4668-BE54-9A1E7A4F7556}") = "TestApplication.ExampleLibrary", "test\test-applications\integrations\dependency-libs\TestApplication.ExampleLibrary\TestApplication.ExampleLibrary.csproj", "{EFAE6960-9425-462E-BFFB-4C9A038DD8C0}"
EndProject
Project("{9A19103F-16F7-4668-BE54-9A1E7A4F7556}") = "TestApplication.ExampleLibraryTracer", "test\test-applications\integrations\dependency-libs\TestApplication.ExampleLibraryTracer\TestApplication.ExampleLibraryTracer.csproj", "{6615B3D8-87C7-40D4-A7EA-19A7BFC7FD24}"
EndProject
Project("{2150E333-8FDC-42A3-9474-1A3956D46DE8}") = "build", "build", "{36004B32-55EB-4591-B6D2-B99DE373D0B8}"
EndProject
Project("{9A19103F-16F7-4668-BE54-9A1E7A4F7556}") = "_build", "build\nuke\_build.csproj", "{4DDEEB10-A6B5-4A46-96C1-1B7276B61E08}"
EndProject
Project("{2150E333-8FDC-42A3-9474-1A3956D46DE8}") = "artifacts", "artifacts", "{7A95C636-A6E9-4156-B18E-28C1BE065A1A}"
	ProjectSection(SolutionItems) = preProject
		build\artifacts\createLogPath.sh = build\artifacts\createLogPath.sh
	EndProjectSection
EndProject
Project("{2150E333-8FDC-42A3-9474-1A3956D46DE8}") = "test", "test", "{5C915382-C886-457D-8641-9E766D8E5A17}"
	ProjectSection(SolutionItems) = preProject
		test\Directory.Build.props = test\Directory.Build.props
	EndProjectSection
EndProject
Project("{9A19103F-16F7-4668-BE54-9A1E7A4F7556}") = "IntegrationTests", "test\IntegrationTests\IntegrationTests.csproj", "{20B74D4B-B777-4E33-AE1F-7D536DFA6BE6}"
EndProject
Project("{2150E333-8FDC-42A3-9474-1A3956D46DE8}") = "test-applications", "test-applications", "{91A299AD-6C09-4B7F-BD8B-A705D9BFC672}"
EndProject
Project("{2150E333-8FDC-42A3-9474-1A3956D46DE8}") = "integrations", "integrations", "{E409ADD3-9574-465C-AB09-4324D205CC7C}"
	ProjectSection(SolutionItems) = preProject
		test\test-applications\integrations\Directory.Build.props = test\test-applications\integrations\Directory.Build.props
	EndProjectSection
EndProject
Project("{9A19103F-16F7-4668-BE54-9A1E7A4F7556}") = "TestApplication.GraphQL", "test\test-applications\integrations\TestApplication.GraphQL\TestApplication.GraphQL.csproj", "{63FD1231-345F-461E-A9C2-237ED305ED11}"
EndProject
Project("{9A19103F-16F7-4668-BE54-9A1E7A4F7556}") = "OpenTelemetry.AutoInstrumentation.Loader.Tests", "test\OpenTelemetry.AutoInstrumentation.Loader.Tests\OpenTelemetry.AutoInstrumentation.Loader.Tests.csproj", "{735434B9-6555-4DEE-97FC-786C763CA1F1}"
EndProject
Project("{2150E333-8FDC-42A3-9474-1A3956D46DE8}") = "mocks", "mocks", "{E3ABDF7D-4592-4923-907C-D351DDF1CBE9}"
EndProject
Project("{9A19103F-16F7-4668-BE54-9A1E7A4F7556}") = "OpenTelemetry.AutoInstrumentation.Mock", "test\test-applications\mocks\OpenTelemetry.AutoInstrumentation.Mock\OpenTelemetry.AutoInstrumentation.Mock.csproj", "{CF5EFBA1-A852-4D11-968D-CE6A9A46B299}"
EndProject
Project("{FAE04EC0-301F-11D3-BF4B-00C04F79EFBC}") = "TestApplication.AspNet", "test\test-applications\integrations\TestApplication.AspNet\TestApplication.AspNet.csproj", "{5FDB5603-21D3-446A-8B50-36DACCF7C2FF}"
EndProject
Project("{9A19103F-16F7-4668-BE54-9A1E7A4F7556}") = "OpenTelemetry.AutoInstrumentation.Bootstrapping.Tests", "test\OpenTelemetry.AutoInstrumentation.Bootstrapping.Tests\OpenTelemetry.AutoInstrumentation.Bootstrapping.Tests.csproj", "{35AB65D8-D76E-40C6-B10C-501A6D44C9E0}"
EndProject
Project("{9A19103F-16F7-4668-BE54-9A1E7A4F7556}") = "OpenTelemetry.AutoInstrumentation.StartupHook", "src\OpenTelemetry.AutoInstrumentation.StartupHook\OpenTelemetry.AutoInstrumentation.StartupHook.csproj", "{E04DA938-E153-4A0D-9CB0-EAC38210FAF2}"
EndProject
Project("{9A19103F-16F7-4668-BE54-9A1E7A4F7556}") = "TestApplication.Smoke", "test\test-applications\integrations\TestApplication.Smoke\TestApplication.Smoke.csproj", "{FF665CC4-6643-4614-A1A0-FA182E3AF37C}"
EndProject
Project("{9A19103F-16F7-4668-BE54-9A1E7A4F7556}") = "OpenTelemetry.AutoInstrumentation.AdditionalDeps", "src\OpenTelemetry.AutoInstrumentation.AdditionalDeps\OpenTelemetry.AutoInstrumentation.AdditionalDeps.csproj", "{E026D9FA-FBD5-4066-AF6A-FB63DE28521F}"
EndProject
Project("{9A19103F-16F7-4668-BE54-9A1E7A4F7556}") = "OpenTelemetry.AutoInstrumentation.Tests", "test\OpenTelemetry.AutoInstrumentation.Tests\OpenTelemetry.AutoInstrumentation.Tests.csproj", "{065FEB4E-A99E-4A59-8112-1CB30CF794F9}"
EndProject
Project("{9A19103F-16F7-4668-BE54-9A1E7A4F7556}") = "Examples.Vendor.Distro", "examples\Vendor.Distro\Examples.Vendor.Distro.csproj", "{56938BD4-37F4-4E3F-BFBF-80F0309DFDBF}"
EndProject
Project("{9A19103F-16F7-4668-BE54-9A1E7A4F7556}") = "Examples.ManualInstrumentations", "examples\ManualInstrumentations\Examples.ManualInstrumentations.csproj", "{346746C5-A0EA-40D8-A1C7-FE324BDF3772}"
EndProject
Project("{9A19103F-16F7-4668-BE54-9A1E7A4F7556}") = "TestApplication.Http", "test\test-applications\integrations\TestApplication.Http\TestApplication.Http.csproj", "{4E17BE29-B227-41D8-97FE-26F674951E26}"
EndProject
Project("{9A19103F-16F7-4668-BE54-9A1E7A4F7556}") = "Examples.CoreAppOldReference", "examples\CoreAppOldReference\Examples.CoreAppOldReference.csproj", "{6ACF2A48-427F-4EF2-81B5-EE9CDB0476C6}"
EndProject
Project("{9A19103F-16F7-4668-BE54-9A1E7A4F7556}") = "TestApplication.MongoDB", "test\test-applications\integrations\TestApplication.MongoDB\TestApplication.MongoDB.csproj", "{3B77F975-BF66-4218-9982-F48D3271DDFE}"
EndProject
Project("{9A19103F-16F7-4668-BE54-9A1E7A4F7556}") = "TestApplication.SqlClient", "test\test-applications\integrations\TestApplication.SqlClient\TestApplication.SqlClient.csproj", "{2120CFA2-9D16-45F0-A333-B0385C371509}"
EndProject
Project("{9A19103F-16F7-4668-BE54-9A1E7A4F7556}") = "TestApplication.Plugins", "test\test-applications\integrations\TestApplication.Plugins\TestApplication.Plugins.csproj", "{42BABA6C-1954-4F52-85C8-D336C00F06D9}"
EndProject
Project("{9A19103F-16F7-4668-BE54-9A1E7A4F7556}") = "TestApplication.Npgsql", "test\test-applications\integrations\TestApplication.Npgsql\TestApplication.Npgsql.csproj", "{DC54F01E-1D5C-4ECF-B5B9-14EECD2B4CF6}"
EndProject
Project("{9A19103F-16F7-4668-BE54-9A1E7A4F7556}") = "TestApplication.Shared", "test\test-applications\integrations\dependency-libs\TestApplication.Shared\TestApplication.Shared.csproj", "{CB4EA9F4-EE1B-4009-B3CD-215DCE8BE214}"
EndProject
Project("{9A19103F-16F7-4668-BE54-9A1E7A4F7556}") = "TestApplication.MySqlData", "test\test-applications\integrations\TestApplication.MySqlData\TestApplication.MySqlData.csproj", "{E7C2D2CF-C965-449D-A02C-02F7837D0C6D}"
EndProject
Project("{9A19103F-16F7-4668-BE54-9A1E7A4F7556}") = "TestApplication.StackExchangeRedis", "test\test-applications\integrations\TestApplication.StackExchangeRedis\TestApplication.StackExchangeRedis.csproj", "{671EB8F0-E164-4E9F-B423-27AF4B59D360}"
EndProject
Project("{9A19103F-16F7-4668-BE54-9A1E7A4F7556}") = "TestApplication.GrpcNetClient", "test\test-applications\integrations\TestApplication.GrpcNetClient\TestApplication.GrpcNetClient.csproj", "{0605872C-AB2B-4167-9B00-A525090D10BE}"
EndProject
Project("{FAE04EC0-301F-11D3-BF4B-00C04F79EFBC}") = "TestApplication.Wcf.Client.Core", "C:\workspace\dszmigielski\opentelemetry-dotnet-instrumentation\test\test-applications\integrations\TestApplication.Wcf.Client.Core\TestApplication.Wcf.Client.Core.csproj", "{5BFB9A97-A83F-4719-A35B-6421364B9820}"
EndProject
Project("{FAE04EC0-301F-11D3-BF4B-00C04F79EFBC}") = "TestApplication.Wcf.Client.NetFramework", "C:\workspace\dszmigielski\opentelemetry-dotnet-instrumentation\test\test-applications\integrations\TestApplication.Wcf.Client.NetFramework\TestApplication.Wcf.Client.NetFramework.csproj", "{ACB51ACB-82E6-4CA8-B233-2C05A5CEDE01}"
EndProject
Project("{FAE04EC0-301F-11D3-BF4B-00C04F79EFBC}") = "TestApplication.Wcf.Server.NetFramework", "C:\workspace\dszmigielski\opentelemetry-dotnet-instrumentation\test\test-applications\integrations\TestApplication.Wcf.Server.NetFramework\TestApplication.Wcf.Server.NetFramework.csproj", "{F7ACC09E-899F-4D47-BA1D-4009FB76F6AA}"
EndProject
Project("{FAE04EC0-301F-11D3-BF4B-00C04F79EFBC}") = "TestApplication.Wcf.Shared", "C:\workspace\dszmigielski\opentelemetry-dotnet-instrumentation\test\test-applications\integrations\TestApplication.Wcf.Shared\TestApplication.Wcf.Shared.csproj", "{86B61808-6B61-465E-8451-84DC31935C03}"
EndProject
Global
	GlobalSection(SolutionConfigurationPlatforms) = preSolution
		Debug|Any CPU = Debug|Any CPU
		Debug|x64 = Debug|x64
		Debug|x86 = Debug|x86
		Release|Any CPU = Release|Any CPU
		Release|x64 = Release|x64
		Release|x86 = Release|x86
	EndGlobalSection
	GlobalSection(ProjectConfigurationPlatforms) = postSolution
		{91B6272F-5780-4C94-8071-DBBA7B4F67F3}.Debug|Any CPU.ActiveCfg = Debug|x64
		{91B6272F-5780-4C94-8071-DBBA7B4F67F3}.Debug|Any CPU.Build.0 = Debug|x64
		{91B6272F-5780-4C94-8071-DBBA7B4F67F3}.Debug|x64.ActiveCfg = Debug|x64
		{91B6272F-5780-4C94-8071-DBBA7B4F67F3}.Debug|x64.Build.0 = Debug|x64
		{91B6272F-5780-4C94-8071-DBBA7B4F67F3}.Debug|x86.ActiveCfg = Debug|Win32
		{91B6272F-5780-4C94-8071-DBBA7B4F67F3}.Debug|x86.Build.0 = Debug|Win32
		{91B6272F-5780-4C94-8071-DBBA7B4F67F3}.Release|Any CPU.ActiveCfg = Release|Win32
		{91B6272F-5780-4C94-8071-DBBA7B4F67F3}.Release|Any CPU.Build.0 = Release|Win32
		{91B6272F-5780-4C94-8071-DBBA7B4F67F3}.Release|x64.ActiveCfg = Release|x64
		{91B6272F-5780-4C94-8071-DBBA7B4F67F3}.Release|x64.Build.0 = Release|x64
		{91B6272F-5780-4C94-8071-DBBA7B4F67F3}.Release|x86.ActiveCfg = Release|Win32
		{91B6272F-5780-4C94-8071-DBBA7B4F67F3}.Release|x86.Build.0 = Release|Win32
		{C0C8D381-D6B9-4C76-9428-F40F2FA93A9A}.Debug|Any CPU.ActiveCfg = Debug|x64
		{C0C8D381-D6B9-4C76-9428-F40F2FA93A9A}.Debug|Any CPU.Build.0 = Debug|x64
		{C0C8D381-D6B9-4C76-9428-F40F2FA93A9A}.Debug|x64.ActiveCfg = Debug|x64
		{C0C8D381-D6B9-4C76-9428-F40F2FA93A9A}.Debug|x64.Build.0 = Debug|x64
		{C0C8D381-D6B9-4C76-9428-F40F2FA93A9A}.Debug|x86.ActiveCfg = Debug|Win32
		{C0C8D381-D6B9-4C76-9428-F40F2FA93A9A}.Debug|x86.Build.0 = Debug|Win32
		{C0C8D381-D6B9-4C76-9428-F40F2FA93A9A}.Release|Any CPU.ActiveCfg = Release|Win32
		{C0C8D381-D6B9-4C76-9428-F40F2FA93A9A}.Release|Any CPU.Build.0 = Release|Win32
		{C0C8D381-D6B9-4C76-9428-F40F2FA93A9A}.Release|x64.ActiveCfg = Release|x64
		{C0C8D381-D6B9-4C76-9428-F40F2FA93A9A}.Release|x64.Build.0 = Release|x64
		{C0C8D381-D6B9-4C76-9428-F40F2FA93A9A}.Release|x86.ActiveCfg = Release|Win32
		{C0C8D381-D6B9-4C76-9428-F40F2FA93A9A}.Release|x86.Build.0 = Release|Win32
		{AB8596C1-CFDA-4A5E-9E9C-74A3DF9AED77}.Debug|Any CPU.ActiveCfg = Debug|Any CPU
		{AB8596C1-CFDA-4A5E-9E9C-74A3DF9AED77}.Debug|Any CPU.Build.0 = Debug|Any CPU
		{AB8596C1-CFDA-4A5E-9E9C-74A3DF9AED77}.Debug|x64.ActiveCfg = Debug|Any CPU
		{AB8596C1-CFDA-4A5E-9E9C-74A3DF9AED77}.Debug|x64.Build.0 = Debug|Any CPU
		{AB8596C1-CFDA-4A5E-9E9C-74A3DF9AED77}.Debug|x86.ActiveCfg = Debug|Any CPU
		{AB8596C1-CFDA-4A5E-9E9C-74A3DF9AED77}.Debug|x86.Build.0 = Debug|Any CPU
		{AB8596C1-CFDA-4A5E-9E9C-74A3DF9AED77}.Release|Any CPU.ActiveCfg = Release|Any CPU
		{AB8596C1-CFDA-4A5E-9E9C-74A3DF9AED77}.Release|Any CPU.Build.0 = Release|Any CPU
		{AB8596C1-CFDA-4A5E-9E9C-74A3DF9AED77}.Release|x64.ActiveCfg = Release|Any CPU
		{AB8596C1-CFDA-4A5E-9E9C-74A3DF9AED77}.Release|x64.Build.0 = Release|Any CPU
		{AB8596C1-CFDA-4A5E-9E9C-74A3DF9AED77}.Release|x86.ActiveCfg = Release|Any CPU
		{AB8596C1-CFDA-4A5E-9E9C-74A3DF9AED77}.Release|x86.Build.0 = Release|Any CPU
		{303F8E41-691F-4453-AB7D-88A0036C0465}.Debug|Any CPU.ActiveCfg = Debug|Any CPU
		{303F8E41-691F-4453-AB7D-88A0036C0465}.Debug|Any CPU.Build.0 = Debug|Any CPU
		{303F8E41-691F-4453-AB7D-88A0036C0465}.Debug|x64.ActiveCfg = Debug|Any CPU
		{303F8E41-691F-4453-AB7D-88A0036C0465}.Debug|x64.Build.0 = Debug|Any CPU
		{303F8E41-691F-4453-AB7D-88A0036C0465}.Debug|x86.ActiveCfg = Debug|Any CPU
		{303F8E41-691F-4453-AB7D-88A0036C0465}.Debug|x86.Build.0 = Debug|Any CPU
		{303F8E41-691F-4453-AB7D-88A0036C0465}.Release|Any CPU.ActiveCfg = Release|Any CPU
		{303F8E41-691F-4453-AB7D-88A0036C0465}.Release|Any CPU.Build.0 = Release|Any CPU
		{303F8E41-691F-4453-AB7D-88A0036C0465}.Release|x64.ActiveCfg = Release|Any CPU
		{303F8E41-691F-4453-AB7D-88A0036C0465}.Release|x64.Build.0 = Release|Any CPU
		{303F8E41-691F-4453-AB7D-88A0036C0465}.Release|x86.ActiveCfg = Release|Any CPU
		{303F8E41-691F-4453-AB7D-88A0036C0465}.Release|x86.Build.0 = Release|Any CPU
		{2A172931-3439-4563-A6E5-525924DC2F76}.Debug|Any CPU.ActiveCfg = Debug|Any CPU
		{2A172931-3439-4563-A6E5-525924DC2F76}.Debug|Any CPU.Build.0 = Debug|Any CPU
		{2A172931-3439-4563-A6E5-525924DC2F76}.Debug|x64.ActiveCfg = Debug|Any CPU
		{2A172931-3439-4563-A6E5-525924DC2F76}.Debug|x64.Build.0 = Debug|Any CPU
		{2A172931-3439-4563-A6E5-525924DC2F76}.Debug|x86.ActiveCfg = Debug|Any CPU
		{2A172931-3439-4563-A6E5-525924DC2F76}.Debug|x86.Build.0 = Debug|Any CPU
		{2A172931-3439-4563-A6E5-525924DC2F76}.Release|Any CPU.ActiveCfg = Release|Any CPU
		{2A172931-3439-4563-A6E5-525924DC2F76}.Release|Any CPU.Build.0 = Release|Any CPU
		{2A172931-3439-4563-A6E5-525924DC2F76}.Release|x64.ActiveCfg = Release|Any CPU
		{2A172931-3439-4563-A6E5-525924DC2F76}.Release|x64.Build.0 = Release|Any CPU
		{2A172931-3439-4563-A6E5-525924DC2F76}.Release|x86.ActiveCfg = Release|Any CPU
		{2A172931-3439-4563-A6E5-525924DC2F76}.Release|x86.Build.0 = Release|Any CPU
		{6690361C-CCD8-42C4-A5CF-82D554B03A3D}.Debug|Any CPU.ActiveCfg = Debug|Any CPU
		{6690361C-CCD8-42C4-A5CF-82D554B03A3D}.Debug|Any CPU.Build.0 = Debug|Any CPU
		{6690361C-CCD8-42C4-A5CF-82D554B03A3D}.Debug|x64.ActiveCfg = Debug|Any CPU
		{6690361C-CCD8-42C4-A5CF-82D554B03A3D}.Debug|x64.Build.0 = Debug|Any CPU
		{6690361C-CCD8-42C4-A5CF-82D554B03A3D}.Debug|x86.ActiveCfg = Debug|Any CPU
		{6690361C-CCD8-42C4-A5CF-82D554B03A3D}.Debug|x86.Build.0 = Debug|Any CPU
		{6690361C-CCD8-42C4-A5CF-82D554B03A3D}.Release|Any CPU.ActiveCfg = Release|Any CPU
		{6690361C-CCD8-42C4-A5CF-82D554B03A3D}.Release|Any CPU.Build.0 = Release|Any CPU
		{6690361C-CCD8-42C4-A5CF-82D554B03A3D}.Release|x64.ActiveCfg = Release|Any CPU
		{6690361C-CCD8-42C4-A5CF-82D554B03A3D}.Release|x64.Build.0 = Release|Any CPU
		{6690361C-CCD8-42C4-A5CF-82D554B03A3D}.Release|x86.ActiveCfg = Release|Any CPU
		{6690361C-CCD8-42C4-A5CF-82D554B03A3D}.Release|x86.Build.0 = Release|Any CPU
		{7EA51D34-8E0E-4548-8A7F-5C6F9C3533AF}.Debug|Any CPU.ActiveCfg = Debug|Any CPU
		{7EA51D34-8E0E-4548-8A7F-5C6F9C3533AF}.Debug|Any CPU.Build.0 = Debug|Any CPU
		{7EA51D34-8E0E-4548-8A7F-5C6F9C3533AF}.Debug|x64.ActiveCfg = Debug|Any CPU
		{7EA51D34-8E0E-4548-8A7F-5C6F9C3533AF}.Debug|x64.Build.0 = Debug|Any CPU
		{7EA51D34-8E0E-4548-8A7F-5C6F9C3533AF}.Debug|x86.ActiveCfg = Debug|Any CPU
		{7EA51D34-8E0E-4548-8A7F-5C6F9C3533AF}.Debug|x86.Build.0 = Debug|Any CPU
		{7EA51D34-8E0E-4548-8A7F-5C6F9C3533AF}.Release|Any CPU.ActiveCfg = Release|Any CPU
		{7EA51D34-8E0E-4548-8A7F-5C6F9C3533AF}.Release|Any CPU.Build.0 = Release|Any CPU
		{7EA51D34-8E0E-4548-8A7F-5C6F9C3533AF}.Release|x64.ActiveCfg = Release|Any CPU
		{7EA51D34-8E0E-4548-8A7F-5C6F9C3533AF}.Release|x64.Build.0 = Release|Any CPU
		{7EA51D34-8E0E-4548-8A7F-5C6F9C3533AF}.Release|x86.ActiveCfg = Release|Any CPU
		{7EA51D34-8E0E-4548-8A7F-5C6F9C3533AF}.Release|x86.Build.0 = Release|Any CPU
		{7220BDBB-084D-40B3-A710-19E3C7147185}.Debug|Any CPU.ActiveCfg = Debug|Any CPU
		{7220BDBB-084D-40B3-A710-19E3C7147185}.Debug|Any CPU.Build.0 = Debug|Any CPU
		{7220BDBB-084D-40B3-A710-19E3C7147185}.Debug|x64.ActiveCfg = Debug|Any CPU
		{7220BDBB-084D-40B3-A710-19E3C7147185}.Debug|x64.Build.0 = Debug|Any CPU
		{7220BDBB-084D-40B3-A710-19E3C7147185}.Debug|x86.ActiveCfg = Debug|Any CPU
		{7220BDBB-084D-40B3-A710-19E3C7147185}.Debug|x86.Build.0 = Debug|Any CPU
		{7220BDBB-084D-40B3-A710-19E3C7147185}.Release|Any CPU.ActiveCfg = Release|Any CPU
		{7220BDBB-084D-40B3-A710-19E3C7147185}.Release|Any CPU.Build.0 = Release|Any CPU
		{7220BDBB-084D-40B3-A710-19E3C7147185}.Release|x64.ActiveCfg = Release|Any CPU
		{7220BDBB-084D-40B3-A710-19E3C7147185}.Release|x64.Build.0 = Release|Any CPU
		{7220BDBB-084D-40B3-A710-19E3C7147185}.Release|x86.ActiveCfg = Release|Any CPU
		{7220BDBB-084D-40B3-A710-19E3C7147185}.Release|x86.Build.0 = Release|Any CPU
		{8BA1CCCC-B07C-46DD-9D54-0B98B3001100}.Debug|Any CPU.ActiveCfg = Debug|Any CPU
		{8BA1CCCC-B07C-46DD-9D54-0B98B3001100}.Debug|Any CPU.Build.0 = Debug|Any CPU
		{8BA1CCCC-B07C-46DD-9D54-0B98B3001100}.Debug|x64.ActiveCfg = Debug|Any CPU
		{8BA1CCCC-B07C-46DD-9D54-0B98B3001100}.Debug|x64.Build.0 = Debug|Any CPU
		{8BA1CCCC-B07C-46DD-9D54-0B98B3001100}.Debug|x86.ActiveCfg = Debug|Any CPU
		{8BA1CCCC-B07C-46DD-9D54-0B98B3001100}.Debug|x86.Build.0 = Debug|Any CPU
		{8BA1CCCC-B07C-46DD-9D54-0B98B3001100}.Release|Any CPU.ActiveCfg = Release|Any CPU
		{8BA1CCCC-B07C-46DD-9D54-0B98B3001100}.Release|Any CPU.Build.0 = Release|Any CPU
		{8BA1CCCC-B07C-46DD-9D54-0B98B3001100}.Release|x64.ActiveCfg = Release|Any CPU
		{8BA1CCCC-B07C-46DD-9D54-0B98B3001100}.Release|x64.Build.0 = Release|Any CPU
		{8BA1CCCC-B07C-46DD-9D54-0B98B3001100}.Release|x86.ActiveCfg = Release|Any CPU
		{8BA1CCCC-B07C-46DD-9D54-0B98B3001100}.Release|x86.Build.0 = Release|Any CPU
		{94089CFF-FD2A-45EF-A496-874569882E81}.Debug|Any CPU.ActiveCfg = Debug|Any CPU
		{94089CFF-FD2A-45EF-A496-874569882E81}.Debug|Any CPU.Build.0 = Debug|Any CPU
		{94089CFF-FD2A-45EF-A496-874569882E81}.Debug|x64.ActiveCfg = Debug|Any CPU
		{94089CFF-FD2A-45EF-A496-874569882E81}.Debug|x64.Build.0 = Debug|Any CPU
		{94089CFF-FD2A-45EF-A496-874569882E81}.Debug|x86.ActiveCfg = Debug|Any CPU
		{94089CFF-FD2A-45EF-A496-874569882E81}.Debug|x86.Build.0 = Debug|Any CPU
		{94089CFF-FD2A-45EF-A496-874569882E81}.Release|Any CPU.ActiveCfg = Release|Any CPU
		{94089CFF-FD2A-45EF-A496-874569882E81}.Release|Any CPU.Build.0 = Release|Any CPU
		{94089CFF-FD2A-45EF-A496-874569882E81}.Release|x64.ActiveCfg = Release|Any CPU
		{94089CFF-FD2A-45EF-A496-874569882E81}.Release|x64.Build.0 = Release|Any CPU
		{94089CFF-FD2A-45EF-A496-874569882E81}.Release|x86.ActiveCfg = Release|Any CPU
		{94089CFF-FD2A-45EF-A496-874569882E81}.Release|x86.Build.0 = Release|Any CPU
		{4C10E5C1-E212-4744-B92E-49A3AFC314FC}.Debug|Any CPU.ActiveCfg = Debug|Any CPU
		{4C10E5C1-E212-4744-B92E-49A3AFC314FC}.Debug|Any CPU.Build.0 = Debug|Any CPU
		{4C10E5C1-E212-4744-B92E-49A3AFC314FC}.Debug|x64.ActiveCfg = Debug|Any CPU
		{4C10E5C1-E212-4744-B92E-49A3AFC314FC}.Debug|x64.Build.0 = Debug|Any CPU
		{4C10E5C1-E212-4744-B92E-49A3AFC314FC}.Debug|x86.ActiveCfg = Debug|Any CPU
		{4C10E5C1-E212-4744-B92E-49A3AFC314FC}.Debug|x86.Build.0 = Debug|Any CPU
		{4C10E5C1-E212-4744-B92E-49A3AFC314FC}.Release|Any CPU.ActiveCfg = Release|Any CPU
		{4C10E5C1-E212-4744-B92E-49A3AFC314FC}.Release|Any CPU.Build.0 = Release|Any CPU
		{4C10E5C1-E212-4744-B92E-49A3AFC314FC}.Release|x64.ActiveCfg = Release|Any CPU
		{4C10E5C1-E212-4744-B92E-49A3AFC314FC}.Release|x64.Build.0 = Release|Any CPU
		{4C10E5C1-E212-4744-B92E-49A3AFC314FC}.Release|x86.ActiveCfg = Release|Any CPU
		{4C10E5C1-E212-4744-B92E-49A3AFC314FC}.Release|x86.Build.0 = Release|Any CPU
		{5728056A-51AA-4FF5-AD0C-E86E44E36102}.Debug|Any CPU.ActiveCfg = Debug|x64
		{5728056A-51AA-4FF5-AD0C-E86E44E36102}.Debug|Any CPU.Build.0 = Debug|x64
		{5728056A-51AA-4FF5-AD0C-E86E44E36102}.Debug|x64.ActiveCfg = Debug|x64
		{5728056A-51AA-4FF5-AD0C-E86E44E36102}.Debug|x64.Build.0 = Debug|x64
		{5728056A-51AA-4FF5-AD0C-E86E44E36102}.Debug|x86.ActiveCfg = Debug|Win32
		{5728056A-51AA-4FF5-AD0C-E86E44E36102}.Debug|x86.Build.0 = Debug|Win32
		{5728056A-51AA-4FF5-AD0C-E86E44E36102}.Release|Any CPU.ActiveCfg = Release|Win32
		{5728056A-51AA-4FF5-AD0C-E86E44E36102}.Release|Any CPU.Build.0 = Release|Win32
		{5728056A-51AA-4FF5-AD0C-E86E44E36102}.Release|x64.ActiveCfg = Release|x64
		{5728056A-51AA-4FF5-AD0C-E86E44E36102}.Release|x64.Build.0 = Release|x64
		{5728056A-51AA-4FF5-AD0C-E86E44E36102}.Release|x86.ActiveCfg = Release|Win32
		{5728056A-51AA-4FF5-AD0C-E86E44E36102}.Release|x86.Build.0 = Release|Win32
		{EFAE6960-9425-462E-BFFB-4C9A038DD8C0}.Debug|Any CPU.ActiveCfg = Debug|x64
		{EFAE6960-9425-462E-BFFB-4C9A038DD8C0}.Debug|Any CPU.Build.0 = Debug|x64
		{EFAE6960-9425-462E-BFFB-4C9A038DD8C0}.Debug|x64.ActiveCfg = Debug|x64
		{EFAE6960-9425-462E-BFFB-4C9A038DD8C0}.Debug|x64.Build.0 = Debug|x64
		{EFAE6960-9425-462E-BFFB-4C9A038DD8C0}.Debug|x86.ActiveCfg = Debug|x86
		{EFAE6960-9425-462E-BFFB-4C9A038DD8C0}.Debug|x86.Build.0 = Debug|x86
		{EFAE6960-9425-462E-BFFB-4C9A038DD8C0}.Release|Any CPU.ActiveCfg = Release|x64
		{EFAE6960-9425-462E-BFFB-4C9A038DD8C0}.Release|Any CPU.Build.0 = Release|x64
		{EFAE6960-9425-462E-BFFB-4C9A038DD8C0}.Release|x64.ActiveCfg = Release|x64
		{EFAE6960-9425-462E-BFFB-4C9A038DD8C0}.Release|x64.Build.0 = Release|x64
		{EFAE6960-9425-462E-BFFB-4C9A038DD8C0}.Release|x86.ActiveCfg = Release|x86
		{EFAE6960-9425-462E-BFFB-4C9A038DD8C0}.Release|x86.Build.0 = Release|x86
		{6615B3D8-87C7-40D4-A7EA-19A7BFC7FD24}.Debug|Any CPU.ActiveCfg = Debug|x64
		{6615B3D8-87C7-40D4-A7EA-19A7BFC7FD24}.Debug|Any CPU.Build.0 = Debug|x64
		{6615B3D8-87C7-40D4-A7EA-19A7BFC7FD24}.Debug|x64.ActiveCfg = Debug|x64
		{6615B3D8-87C7-40D4-A7EA-19A7BFC7FD24}.Debug|x64.Build.0 = Debug|x64
		{6615B3D8-87C7-40D4-A7EA-19A7BFC7FD24}.Debug|x86.ActiveCfg = Debug|x86
		{6615B3D8-87C7-40D4-A7EA-19A7BFC7FD24}.Debug|x86.Build.0 = Debug|x86
		{6615B3D8-87C7-40D4-A7EA-19A7BFC7FD24}.Release|Any CPU.ActiveCfg = Release|x64
		{6615B3D8-87C7-40D4-A7EA-19A7BFC7FD24}.Release|Any CPU.Build.0 = Release|x64
		{6615B3D8-87C7-40D4-A7EA-19A7BFC7FD24}.Release|x64.ActiveCfg = Release|x64
		{6615B3D8-87C7-40D4-A7EA-19A7BFC7FD24}.Release|x64.Build.0 = Release|x64
		{6615B3D8-87C7-40D4-A7EA-19A7BFC7FD24}.Release|x86.ActiveCfg = Release|x86
		{6615B3D8-87C7-40D4-A7EA-19A7BFC7FD24}.Release|x86.Build.0 = Release|x86
		{4DDEEB10-A6B5-4A46-96C1-1B7276B61E08}.Debug|Any CPU.ActiveCfg = Debug|Any CPU
		{4DDEEB10-A6B5-4A46-96C1-1B7276B61E08}.Debug|x64.ActiveCfg = Debug|Any CPU
		{4DDEEB10-A6B5-4A46-96C1-1B7276B61E08}.Debug|x86.ActiveCfg = Debug|Any CPU
		{4DDEEB10-A6B5-4A46-96C1-1B7276B61E08}.Release|Any CPU.ActiveCfg = Release|Any CPU
		{4DDEEB10-A6B5-4A46-96C1-1B7276B61E08}.Release|x64.ActiveCfg = Release|Any CPU
		{4DDEEB10-A6B5-4A46-96C1-1B7276B61E08}.Release|x86.ActiveCfg = Release|Any CPU
		{20B74D4B-B777-4E33-AE1F-7D536DFA6BE6}.Debug|Any CPU.ActiveCfg = Debug|Any CPU
		{20B74D4B-B777-4E33-AE1F-7D536DFA6BE6}.Debug|Any CPU.Build.0 = Debug|Any CPU
		{20B74D4B-B777-4E33-AE1F-7D536DFA6BE6}.Debug|x64.ActiveCfg = Debug|Any CPU
		{20B74D4B-B777-4E33-AE1F-7D536DFA6BE6}.Debug|x64.Build.0 = Debug|Any CPU
		{20B74D4B-B777-4E33-AE1F-7D536DFA6BE6}.Debug|x86.ActiveCfg = Debug|Any CPU
		{20B74D4B-B777-4E33-AE1F-7D536DFA6BE6}.Debug|x86.Build.0 = Debug|Any CPU
		{20B74D4B-B777-4E33-AE1F-7D536DFA6BE6}.Release|Any CPU.ActiveCfg = Release|Any CPU
		{20B74D4B-B777-4E33-AE1F-7D536DFA6BE6}.Release|Any CPU.Build.0 = Release|Any CPU
		{20B74D4B-B777-4E33-AE1F-7D536DFA6BE6}.Release|x64.ActiveCfg = Release|Any CPU
		{20B74D4B-B777-4E33-AE1F-7D536DFA6BE6}.Release|x64.Build.0 = Release|Any CPU
		{20B74D4B-B777-4E33-AE1F-7D536DFA6BE6}.Release|x86.ActiveCfg = Release|Any CPU
		{20B74D4B-B777-4E33-AE1F-7D536DFA6BE6}.Release|x86.Build.0 = Release|Any CPU
		{63FD1231-345F-461E-A9C2-237ED305ED11}.Debug|Any CPU.ActiveCfg = Debug|x64
		{63FD1231-345F-461E-A9C2-237ED305ED11}.Debug|Any CPU.Build.0 = Debug|x64
		{63FD1231-345F-461E-A9C2-237ED305ED11}.Debug|x64.ActiveCfg = Debug|x64
		{63FD1231-345F-461E-A9C2-237ED305ED11}.Debug|x64.Build.0 = Debug|x64
		{63FD1231-345F-461E-A9C2-237ED305ED11}.Debug|x86.ActiveCfg = Debug|x86
		{63FD1231-345F-461E-A9C2-237ED305ED11}.Debug|x86.Build.0 = Debug|x86
		{63FD1231-345F-461E-A9C2-237ED305ED11}.Release|Any CPU.ActiveCfg = Release|x64
		{63FD1231-345F-461E-A9C2-237ED305ED11}.Release|Any CPU.Build.0 = Release|x64
		{63FD1231-345F-461E-A9C2-237ED305ED11}.Release|x64.ActiveCfg = Release|x64
		{63FD1231-345F-461E-A9C2-237ED305ED11}.Release|x64.Build.0 = Release|x64
		{63FD1231-345F-461E-A9C2-237ED305ED11}.Release|x86.ActiveCfg = Release|x86
		{63FD1231-345F-461E-A9C2-237ED305ED11}.Release|x86.Build.0 = Release|x86
		{735434B9-6555-4DEE-97FC-786C763CA1F1}.Debug|Any CPU.ActiveCfg = Debug|Any CPU
		{735434B9-6555-4DEE-97FC-786C763CA1F1}.Debug|Any CPU.Build.0 = Debug|Any CPU
		{735434B9-6555-4DEE-97FC-786C763CA1F1}.Debug|x64.ActiveCfg = Debug|Any CPU
		{735434B9-6555-4DEE-97FC-786C763CA1F1}.Debug|x64.Build.0 = Debug|Any CPU
		{735434B9-6555-4DEE-97FC-786C763CA1F1}.Debug|x86.ActiveCfg = Debug|Any CPU
		{735434B9-6555-4DEE-97FC-786C763CA1F1}.Debug|x86.Build.0 = Debug|Any CPU
		{735434B9-6555-4DEE-97FC-786C763CA1F1}.Release|Any CPU.ActiveCfg = Release|Any CPU
		{735434B9-6555-4DEE-97FC-786C763CA1F1}.Release|Any CPU.Build.0 = Release|Any CPU
		{735434B9-6555-4DEE-97FC-786C763CA1F1}.Release|x64.ActiveCfg = Release|Any CPU
		{735434B9-6555-4DEE-97FC-786C763CA1F1}.Release|x64.Build.0 = Release|Any CPU
		{735434B9-6555-4DEE-97FC-786C763CA1F1}.Release|x86.ActiveCfg = Release|Any CPU
		{735434B9-6555-4DEE-97FC-786C763CA1F1}.Release|x86.Build.0 = Release|Any CPU
		{CF5EFBA1-A852-4D11-968D-CE6A9A46B299}.Debug|Any CPU.ActiveCfg = Debug|Any CPU
		{CF5EFBA1-A852-4D11-968D-CE6A9A46B299}.Debug|Any CPU.Build.0 = Debug|Any CPU
		{CF5EFBA1-A852-4D11-968D-CE6A9A46B299}.Debug|x64.ActiveCfg = Debug|Any CPU
		{CF5EFBA1-A852-4D11-968D-CE6A9A46B299}.Debug|x64.Build.0 = Debug|Any CPU
		{CF5EFBA1-A852-4D11-968D-CE6A9A46B299}.Debug|x86.ActiveCfg = Debug|Any CPU
		{CF5EFBA1-A852-4D11-968D-CE6A9A46B299}.Debug|x86.Build.0 = Debug|Any CPU
		{CF5EFBA1-A852-4D11-968D-CE6A9A46B299}.Release|Any CPU.ActiveCfg = Release|Any CPU
		{CF5EFBA1-A852-4D11-968D-CE6A9A46B299}.Release|Any CPU.Build.0 = Release|Any CPU
		{CF5EFBA1-A852-4D11-968D-CE6A9A46B299}.Release|x64.ActiveCfg = Release|Any CPU
		{CF5EFBA1-A852-4D11-968D-CE6A9A46B299}.Release|x64.Build.0 = Release|Any CPU
		{CF5EFBA1-A852-4D11-968D-CE6A9A46B299}.Release|x86.ActiveCfg = Release|Any CPU
		{CF5EFBA1-A852-4D11-968D-CE6A9A46B299}.Release|x86.Build.0 = Release|Any CPU
		{5FDB5603-21D3-446A-8B50-36DACCF7C2FF}.Debug|Any CPU.ActiveCfg = Debug|x64
		{5FDB5603-21D3-446A-8B50-36DACCF7C2FF}.Debug|Any CPU.Build.0 = Debug|x64
		{5FDB5603-21D3-446A-8B50-36DACCF7C2FF}.Debug|x64.ActiveCfg = Debug|x64
		{5FDB5603-21D3-446A-8B50-36DACCF7C2FF}.Debug|x64.Build.0 = Debug|x64
		{5FDB5603-21D3-446A-8B50-36DACCF7C2FF}.Debug|x86.ActiveCfg = Debug|x86
		{5FDB5603-21D3-446A-8B50-36DACCF7C2FF}.Debug|x86.Build.0 = Debug|x86
		{5FDB5603-21D3-446A-8B50-36DACCF7C2FF}.Release|Any CPU.ActiveCfg = Release|x64
		{5FDB5603-21D3-446A-8B50-36DACCF7C2FF}.Release|Any CPU.Build.0 = Release|x64
		{5FDB5603-21D3-446A-8B50-36DACCF7C2FF}.Release|x64.ActiveCfg = Release|x64
		{5FDB5603-21D3-446A-8B50-36DACCF7C2FF}.Release|x64.Build.0 = Release|x64
		{5FDB5603-21D3-446A-8B50-36DACCF7C2FF}.Release|x86.ActiveCfg = Release|x86
		{5FDB5603-21D3-446A-8B50-36DACCF7C2FF}.Release|x86.Build.0 = Release|x86
		{35AB65D8-D76E-40C6-B10C-501A6D44C9E0}.Debug|Any CPU.ActiveCfg = Debug|Any CPU
		{35AB65D8-D76E-40C6-B10C-501A6D44C9E0}.Debug|Any CPU.Build.0 = Debug|Any CPU
		{35AB65D8-D76E-40C6-B10C-501A6D44C9E0}.Debug|x64.ActiveCfg = Debug|Any CPU
		{35AB65D8-D76E-40C6-B10C-501A6D44C9E0}.Debug|x64.Build.0 = Debug|Any CPU
		{35AB65D8-D76E-40C6-B10C-501A6D44C9E0}.Debug|x86.ActiveCfg = Debug|Any CPU
		{35AB65D8-D76E-40C6-B10C-501A6D44C9E0}.Debug|x86.Build.0 = Debug|Any CPU
		{35AB65D8-D76E-40C6-B10C-501A6D44C9E0}.Release|Any CPU.ActiveCfg = Release|Any CPU
		{35AB65D8-D76E-40C6-B10C-501A6D44C9E0}.Release|Any CPU.Build.0 = Release|Any CPU
		{35AB65D8-D76E-40C6-B10C-501A6D44C9E0}.Release|x64.ActiveCfg = Release|Any CPU
		{35AB65D8-D76E-40C6-B10C-501A6D44C9E0}.Release|x64.Build.0 = Release|Any CPU
		{35AB65D8-D76E-40C6-B10C-501A6D44C9E0}.Release|x86.ActiveCfg = Release|Any CPU
		{35AB65D8-D76E-40C6-B10C-501A6D44C9E0}.Release|x86.Build.0 = Release|Any CPU
		{E04DA938-E153-4A0D-9CB0-EAC38210FAF2}.Debug|Any CPU.ActiveCfg = Debug|Any CPU
		{E04DA938-E153-4A0D-9CB0-EAC38210FAF2}.Debug|Any CPU.Build.0 = Debug|Any CPU
		{E04DA938-E153-4A0D-9CB0-EAC38210FAF2}.Debug|x64.ActiveCfg = Debug|Any CPU
		{E04DA938-E153-4A0D-9CB0-EAC38210FAF2}.Debug|x64.Build.0 = Debug|Any CPU
		{E04DA938-E153-4A0D-9CB0-EAC38210FAF2}.Debug|x86.ActiveCfg = Debug|Any CPU
		{E04DA938-E153-4A0D-9CB0-EAC38210FAF2}.Debug|x86.Build.0 = Debug|Any CPU
		{E04DA938-E153-4A0D-9CB0-EAC38210FAF2}.Release|Any CPU.ActiveCfg = Release|Any CPU
		{E04DA938-E153-4A0D-9CB0-EAC38210FAF2}.Release|Any CPU.Build.0 = Release|Any CPU
		{E04DA938-E153-4A0D-9CB0-EAC38210FAF2}.Release|x64.ActiveCfg = Release|Any CPU
		{E04DA938-E153-4A0D-9CB0-EAC38210FAF2}.Release|x64.Build.0 = Release|Any CPU
		{E04DA938-E153-4A0D-9CB0-EAC38210FAF2}.Release|x86.ActiveCfg = Release|Any CPU
		{E04DA938-E153-4A0D-9CB0-EAC38210FAF2}.Release|x86.Build.0 = Release|Any CPU
		{FF665CC4-6643-4614-A1A0-FA182E3AF37C}.Debug|Any CPU.ActiveCfg = Debug|x64
		{FF665CC4-6643-4614-A1A0-FA182E3AF37C}.Debug|Any CPU.Build.0 = Debug|x64
		{FF665CC4-6643-4614-A1A0-FA182E3AF37C}.Debug|x64.ActiveCfg = Debug|x64
		{FF665CC4-6643-4614-A1A0-FA182E3AF37C}.Debug|x64.Build.0 = Debug|x64
		{FF665CC4-6643-4614-A1A0-FA182E3AF37C}.Debug|x86.ActiveCfg = Debug|x86
		{FF665CC4-6643-4614-A1A0-FA182E3AF37C}.Debug|x86.Build.0 = Debug|x86
		{FF665CC4-6643-4614-A1A0-FA182E3AF37C}.Release|Any CPU.ActiveCfg = Release|x64
		{FF665CC4-6643-4614-A1A0-FA182E3AF37C}.Release|Any CPU.Build.0 = Release|x64
		{FF665CC4-6643-4614-A1A0-FA182E3AF37C}.Release|x64.ActiveCfg = Release|x64
		{FF665CC4-6643-4614-A1A0-FA182E3AF37C}.Release|x64.Build.0 = Release|x64
		{FF665CC4-6643-4614-A1A0-FA182E3AF37C}.Release|x86.ActiveCfg = Release|x86
		{FF665CC4-6643-4614-A1A0-FA182E3AF37C}.Release|x86.Build.0 = Release|x86
		{E026D9FA-FBD5-4066-AF6A-FB63DE28521F}.Debug|Any CPU.ActiveCfg = Debug|Any CPU
		{E026D9FA-FBD5-4066-AF6A-FB63DE28521F}.Debug|Any CPU.Build.0 = Debug|Any CPU
		{E026D9FA-FBD5-4066-AF6A-FB63DE28521F}.Debug|x64.ActiveCfg = Debug|Any CPU
		{E026D9FA-FBD5-4066-AF6A-FB63DE28521F}.Debug|x64.Build.0 = Debug|Any CPU
		{E026D9FA-FBD5-4066-AF6A-FB63DE28521F}.Debug|x86.ActiveCfg = Debug|Any CPU
		{E026D9FA-FBD5-4066-AF6A-FB63DE28521F}.Debug|x86.Build.0 = Debug|Any CPU
		{E026D9FA-FBD5-4066-AF6A-FB63DE28521F}.Release|Any CPU.ActiveCfg = Release|Any CPU
		{E026D9FA-FBD5-4066-AF6A-FB63DE28521F}.Release|Any CPU.Build.0 = Release|Any CPU
		{E026D9FA-FBD5-4066-AF6A-FB63DE28521F}.Release|x64.ActiveCfg = Release|Any CPU
		{E026D9FA-FBD5-4066-AF6A-FB63DE28521F}.Release|x64.Build.0 = Release|Any CPU
		{E026D9FA-FBD5-4066-AF6A-FB63DE28521F}.Release|x86.ActiveCfg = Release|Any CPU
		{E026D9FA-FBD5-4066-AF6A-FB63DE28521F}.Release|x86.Build.0 = Release|Any CPU
		{065FEB4E-A99E-4A59-8112-1CB30CF794F9}.Debug|Any CPU.ActiveCfg = Debug|Any CPU
		{065FEB4E-A99E-4A59-8112-1CB30CF794F9}.Debug|Any CPU.Build.0 = Debug|Any CPU
		{065FEB4E-A99E-4A59-8112-1CB30CF794F9}.Debug|x64.ActiveCfg = Debug|Any CPU
		{065FEB4E-A99E-4A59-8112-1CB30CF794F9}.Debug|x64.Build.0 = Debug|Any CPU
		{065FEB4E-A99E-4A59-8112-1CB30CF794F9}.Debug|x86.ActiveCfg = Debug|Any CPU
		{065FEB4E-A99E-4A59-8112-1CB30CF794F9}.Debug|x86.Build.0 = Debug|Any CPU
		{065FEB4E-A99E-4A59-8112-1CB30CF794F9}.Release|Any CPU.ActiveCfg = Release|Any CPU
		{065FEB4E-A99E-4A59-8112-1CB30CF794F9}.Release|Any CPU.Build.0 = Release|Any CPU
		{065FEB4E-A99E-4A59-8112-1CB30CF794F9}.Release|x64.ActiveCfg = Release|Any CPU
		{065FEB4E-A99E-4A59-8112-1CB30CF794F9}.Release|x64.Build.0 = Release|Any CPU
		{065FEB4E-A99E-4A59-8112-1CB30CF794F9}.Release|x86.ActiveCfg = Release|Any CPU
		{065FEB4E-A99E-4A59-8112-1CB30CF794F9}.Release|x86.Build.0 = Release|Any CPU
		{56938BD4-37F4-4E3F-BFBF-80F0309DFDBF}.Debug|Any CPU.ActiveCfg = Debug|Any CPU
		{56938BD4-37F4-4E3F-BFBF-80F0309DFDBF}.Debug|Any CPU.Build.0 = Debug|Any CPU
		{56938BD4-37F4-4E3F-BFBF-80F0309DFDBF}.Debug|x64.ActiveCfg = Debug|Any CPU
		{56938BD4-37F4-4E3F-BFBF-80F0309DFDBF}.Debug|x64.Build.0 = Debug|Any CPU
		{56938BD4-37F4-4E3F-BFBF-80F0309DFDBF}.Debug|x86.ActiveCfg = Debug|Any CPU
		{56938BD4-37F4-4E3F-BFBF-80F0309DFDBF}.Debug|x86.Build.0 = Debug|Any CPU
		{56938BD4-37F4-4E3F-BFBF-80F0309DFDBF}.Release|Any CPU.ActiveCfg = Release|Any CPU
		{56938BD4-37F4-4E3F-BFBF-80F0309DFDBF}.Release|Any CPU.Build.0 = Release|Any CPU
		{56938BD4-37F4-4E3F-BFBF-80F0309DFDBF}.Release|x64.ActiveCfg = Release|Any CPU
		{56938BD4-37F4-4E3F-BFBF-80F0309DFDBF}.Release|x64.Build.0 = Release|Any CPU
		{56938BD4-37F4-4E3F-BFBF-80F0309DFDBF}.Release|x86.ActiveCfg = Release|Any CPU
		{56938BD4-37F4-4E3F-BFBF-80F0309DFDBF}.Release|x86.Build.0 = Release|Any CPU
		{346746C5-A0EA-40D8-A1C7-FE324BDF3772}.Debug|Any CPU.ActiveCfg = Debug|Any CPU
		{346746C5-A0EA-40D8-A1C7-FE324BDF3772}.Debug|Any CPU.Build.0 = Debug|Any CPU
		{346746C5-A0EA-40D8-A1C7-FE324BDF3772}.Debug|x64.ActiveCfg = Debug|Any CPU
		{346746C5-A0EA-40D8-A1C7-FE324BDF3772}.Debug|x64.Build.0 = Debug|Any CPU
		{346746C5-A0EA-40D8-A1C7-FE324BDF3772}.Debug|x86.ActiveCfg = Debug|Any CPU
		{346746C5-A0EA-40D8-A1C7-FE324BDF3772}.Debug|x86.Build.0 = Debug|Any CPU
		{346746C5-A0EA-40D8-A1C7-FE324BDF3772}.Release|Any CPU.ActiveCfg = Release|Any CPU
		{346746C5-A0EA-40D8-A1C7-FE324BDF3772}.Release|Any CPU.Build.0 = Release|Any CPU
		{346746C5-A0EA-40D8-A1C7-FE324BDF3772}.Release|x64.ActiveCfg = Release|Any CPU
		{346746C5-A0EA-40D8-A1C7-FE324BDF3772}.Release|x64.Build.0 = Release|Any CPU
		{346746C5-A0EA-40D8-A1C7-FE324BDF3772}.Release|x86.ActiveCfg = Release|Any CPU
		{346746C5-A0EA-40D8-A1C7-FE324BDF3772}.Release|x86.Build.0 = Release|Any CPU
		{4E17BE29-B227-41D8-97FE-26F674951E26}.Debug|Any CPU.ActiveCfg = Debug|x64
		{4E17BE29-B227-41D8-97FE-26F674951E26}.Debug|Any CPU.Build.0 = Debug|x64
		{4E17BE29-B227-41D8-97FE-26F674951E26}.Debug|x64.ActiveCfg = Debug|x64
		{4E17BE29-B227-41D8-97FE-26F674951E26}.Debug|x64.Build.0 = Debug|x64
		{4E17BE29-B227-41D8-97FE-26F674951E26}.Debug|x86.ActiveCfg = Debug|x86
		{4E17BE29-B227-41D8-97FE-26F674951E26}.Debug|x86.Build.0 = Debug|x86
		{4E17BE29-B227-41D8-97FE-26F674951E26}.Release|Any CPU.ActiveCfg = Release|x64
		{4E17BE29-B227-41D8-97FE-26F674951E26}.Release|Any CPU.Build.0 = Release|x64
		{4E17BE29-B227-41D8-97FE-26F674951E26}.Release|x64.ActiveCfg = Release|x64
		{4E17BE29-B227-41D8-97FE-26F674951E26}.Release|x64.Build.0 = Release|x64
		{4E17BE29-B227-41D8-97FE-26F674951E26}.Release|x86.ActiveCfg = Release|x86
		{4E17BE29-B227-41D8-97FE-26F674951E26}.Release|x86.Build.0 = Release|x86
		{6ACF2A48-427F-4EF2-81B5-EE9CDB0476C6}.Debug|Any CPU.ActiveCfg = Debug|Any CPU
		{6ACF2A48-427F-4EF2-81B5-EE9CDB0476C6}.Debug|Any CPU.Build.0 = Debug|Any CPU
		{6ACF2A48-427F-4EF2-81B5-EE9CDB0476C6}.Debug|x64.ActiveCfg = Debug|Any CPU
		{6ACF2A48-427F-4EF2-81B5-EE9CDB0476C6}.Debug|x64.Build.0 = Debug|Any CPU
		{6ACF2A48-427F-4EF2-81B5-EE9CDB0476C6}.Debug|x86.ActiveCfg = Debug|Any CPU
		{6ACF2A48-427F-4EF2-81B5-EE9CDB0476C6}.Debug|x86.Build.0 = Debug|Any CPU
		{6ACF2A48-427F-4EF2-81B5-EE9CDB0476C6}.Release|Any CPU.ActiveCfg = Release|Any CPU
		{6ACF2A48-427F-4EF2-81B5-EE9CDB0476C6}.Release|Any CPU.Build.0 = Release|Any CPU
		{6ACF2A48-427F-4EF2-81B5-EE9CDB0476C6}.Release|x64.ActiveCfg = Release|Any CPU
		{6ACF2A48-427F-4EF2-81B5-EE9CDB0476C6}.Release|x64.Build.0 = Release|Any CPU
		{6ACF2A48-427F-4EF2-81B5-EE9CDB0476C6}.Release|x86.ActiveCfg = Release|Any CPU
		{6ACF2A48-427F-4EF2-81B5-EE9CDB0476C6}.Release|x86.Build.0 = Release|Any CPU
		{3B77F975-BF66-4218-9982-F48D3271DDFE}.Debug|Any CPU.ActiveCfg = Debug|x64
		{3B77F975-BF66-4218-9982-F48D3271DDFE}.Debug|Any CPU.Build.0 = Debug|x64
		{3B77F975-BF66-4218-9982-F48D3271DDFE}.Debug|x64.ActiveCfg = Debug|x64
		{3B77F975-BF66-4218-9982-F48D3271DDFE}.Debug|x64.Build.0 = Debug|x64
		{3B77F975-BF66-4218-9982-F48D3271DDFE}.Debug|x86.ActiveCfg = Debug|x86
		{3B77F975-BF66-4218-9982-F48D3271DDFE}.Debug|x86.Build.0 = Debug|x86
		{3B77F975-BF66-4218-9982-F48D3271DDFE}.Release|Any CPU.ActiveCfg = Release|x64
		{3B77F975-BF66-4218-9982-F48D3271DDFE}.Release|Any CPU.Build.0 = Release|x64
		{3B77F975-BF66-4218-9982-F48D3271DDFE}.Release|x64.ActiveCfg = Release|x64
		{3B77F975-BF66-4218-9982-F48D3271DDFE}.Release|x64.Build.0 = Release|x64
		{3B77F975-BF66-4218-9982-F48D3271DDFE}.Release|x86.ActiveCfg = Release|x86
		{3B77F975-BF66-4218-9982-F48D3271DDFE}.Release|x86.Build.0 = Release|x86
		{2120CFA2-9D16-45F0-A333-B0385C371509}.Debug|Any CPU.ActiveCfg = Debug|x64
		{2120CFA2-9D16-45F0-A333-B0385C371509}.Debug|Any CPU.Build.0 = Debug|x64
		{2120CFA2-9D16-45F0-A333-B0385C371509}.Debug|x64.ActiveCfg = Debug|x64
		{2120CFA2-9D16-45F0-A333-B0385C371509}.Debug|x64.Build.0 = Debug|x64
		{2120CFA2-9D16-45F0-A333-B0385C371509}.Debug|x86.ActiveCfg = Debug|x86
		{2120CFA2-9D16-45F0-A333-B0385C371509}.Debug|x86.Build.0 = Debug|x86
		{2120CFA2-9D16-45F0-A333-B0385C371509}.Release|Any CPU.ActiveCfg = Release|x64
		{2120CFA2-9D16-45F0-A333-B0385C371509}.Release|Any CPU.Build.0 = Release|x64
		{2120CFA2-9D16-45F0-A333-B0385C371509}.Release|x64.ActiveCfg = Release|x64
		{2120CFA2-9D16-45F0-A333-B0385C371509}.Release|x64.Build.0 = Release|x64
		{2120CFA2-9D16-45F0-A333-B0385C371509}.Release|x86.ActiveCfg = Release|x86
		{2120CFA2-9D16-45F0-A333-B0385C371509}.Release|x86.Build.0 = Release|x86
		{42BABA6C-1954-4F52-85C8-D336C00F06D9}.Debug|Any CPU.ActiveCfg = Debug|x64
		{42BABA6C-1954-4F52-85C8-D336C00F06D9}.Debug|Any CPU.Build.0 = Debug|x64
		{42BABA6C-1954-4F52-85C8-D336C00F06D9}.Debug|x64.ActiveCfg = Debug|x64
		{42BABA6C-1954-4F52-85C8-D336C00F06D9}.Debug|x64.Build.0 = Debug|x64
		{42BABA6C-1954-4F52-85C8-D336C00F06D9}.Debug|x86.ActiveCfg = Debug|x86
		{42BABA6C-1954-4F52-85C8-D336C00F06D9}.Debug|x86.Build.0 = Debug|x86
		{42BABA6C-1954-4F52-85C8-D336C00F06D9}.Release|Any CPU.ActiveCfg = Release|x64
		{42BABA6C-1954-4F52-85C8-D336C00F06D9}.Release|Any CPU.Build.0 = Release|x64
		{42BABA6C-1954-4F52-85C8-D336C00F06D9}.Release|x64.ActiveCfg = Release|x64
		{42BABA6C-1954-4F52-85C8-D336C00F06D9}.Release|x64.Build.0 = Release|x64
		{42BABA6C-1954-4F52-85C8-D336C00F06D9}.Release|x86.ActiveCfg = Release|x86
		{42BABA6C-1954-4F52-85C8-D336C00F06D9}.Release|x86.Build.0 = Release|x86
		{DC54F01E-1D5C-4ECF-B5B9-14EECD2B4CF6}.Debug|Any CPU.ActiveCfg = Debug|x64
		{DC54F01E-1D5C-4ECF-B5B9-14EECD2B4CF6}.Debug|Any CPU.Build.0 = Debug|x64
		{DC54F01E-1D5C-4ECF-B5B9-14EECD2B4CF6}.Debug|x64.ActiveCfg = Debug|x64
		{DC54F01E-1D5C-4ECF-B5B9-14EECD2B4CF6}.Debug|x64.Build.0 = Debug|x64
		{DC54F01E-1D5C-4ECF-B5B9-14EECD2B4CF6}.Debug|x86.ActiveCfg = Debug|x86
		{DC54F01E-1D5C-4ECF-B5B9-14EECD2B4CF6}.Debug|x86.Build.0 = Debug|x86
		{DC54F01E-1D5C-4ECF-B5B9-14EECD2B4CF6}.Release|Any CPU.ActiveCfg = Release|x64
		{DC54F01E-1D5C-4ECF-B5B9-14EECD2B4CF6}.Release|Any CPU.Build.0 = Release|x64
		{DC54F01E-1D5C-4ECF-B5B9-14EECD2B4CF6}.Release|x64.ActiveCfg = Release|x64
		{DC54F01E-1D5C-4ECF-B5B9-14EECD2B4CF6}.Release|x64.Build.0 = Release|x64
		{DC54F01E-1D5C-4ECF-B5B9-14EECD2B4CF6}.Release|x86.ActiveCfg = Release|x86
		{DC54F01E-1D5C-4ECF-B5B9-14EECD2B4CF6}.Release|x86.Build.0 = Release|x86
		{CB4EA9F4-EE1B-4009-B3CD-215DCE8BE214}.Debug|Any CPU.ActiveCfg = Debug|x64
		{CB4EA9F4-EE1B-4009-B3CD-215DCE8BE214}.Debug|Any CPU.Build.0 = Debug|x64
		{CB4EA9F4-EE1B-4009-B3CD-215DCE8BE214}.Debug|x64.ActiveCfg = Debug|x64
		{CB4EA9F4-EE1B-4009-B3CD-215DCE8BE214}.Debug|x64.Build.0 = Debug|x64
		{CB4EA9F4-EE1B-4009-B3CD-215DCE8BE214}.Debug|x86.ActiveCfg = Debug|x86
		{CB4EA9F4-EE1B-4009-B3CD-215DCE8BE214}.Debug|x86.Build.0 = Debug|x86
		{CB4EA9F4-EE1B-4009-B3CD-215DCE8BE214}.Release|Any CPU.ActiveCfg = Release|x64
		{CB4EA9F4-EE1B-4009-B3CD-215DCE8BE214}.Release|Any CPU.Build.0 = Release|x64
		{CB4EA9F4-EE1B-4009-B3CD-215DCE8BE214}.Release|x64.ActiveCfg = Release|x64
		{CB4EA9F4-EE1B-4009-B3CD-215DCE8BE214}.Release|x64.Build.0 = Release|x64
		{CB4EA9F4-EE1B-4009-B3CD-215DCE8BE214}.Release|x86.ActiveCfg = Release|x86
		{CB4EA9F4-EE1B-4009-B3CD-215DCE8BE214}.Release|x86.Build.0 = Release|x86
		{E7C2D2CF-C965-449D-A02C-02F7837D0C6D}.Debug|Any CPU.ActiveCfg = Debug|x64
		{E7C2D2CF-C965-449D-A02C-02F7837D0C6D}.Debug|Any CPU.Build.0 = Debug|x64
		{E7C2D2CF-C965-449D-A02C-02F7837D0C6D}.Debug|x64.ActiveCfg = Debug|x64
		{E7C2D2CF-C965-449D-A02C-02F7837D0C6D}.Debug|x64.Build.0 = Debug|x64
		{E7C2D2CF-C965-449D-A02C-02F7837D0C6D}.Debug|x86.ActiveCfg = Debug|x86
		{E7C2D2CF-C965-449D-A02C-02F7837D0C6D}.Debug|x86.Build.0 = Debug|x86
		{E7C2D2CF-C965-449D-A02C-02F7837D0C6D}.Release|Any CPU.ActiveCfg = Release|x64
		{E7C2D2CF-C965-449D-A02C-02F7837D0C6D}.Release|Any CPU.Build.0 = Release|x64
		{E7C2D2CF-C965-449D-A02C-02F7837D0C6D}.Release|x64.ActiveCfg = Release|x64
		{E7C2D2CF-C965-449D-A02C-02F7837D0C6D}.Release|x64.Build.0 = Release|x64
		{E7C2D2CF-C965-449D-A02C-02F7837D0C6D}.Release|x86.ActiveCfg = Release|x86
		{E7C2D2CF-C965-449D-A02C-02F7837D0C6D}.Release|x86.Build.0 = Release|x86
		{671EB8F0-E164-4E9F-B423-27AF4B59D360}.Debug|Any CPU.ActiveCfg = Debug|x64
		{671EB8F0-E164-4E9F-B423-27AF4B59D360}.Debug|Any CPU.Build.0 = Debug|x64
		{671EB8F0-E164-4E9F-B423-27AF4B59D360}.Debug|x64.ActiveCfg = Debug|x64
		{671EB8F0-E164-4E9F-B423-27AF4B59D360}.Debug|x64.Build.0 = Debug|x64
		{671EB8F0-E164-4E9F-B423-27AF4B59D360}.Debug|x86.ActiveCfg = Debug|x86
		{671EB8F0-E164-4E9F-B423-27AF4B59D360}.Debug|x86.Build.0 = Debug|x86
		{671EB8F0-E164-4E9F-B423-27AF4B59D360}.Release|Any CPU.ActiveCfg = Release|x64
		{671EB8F0-E164-4E9F-B423-27AF4B59D360}.Release|Any CPU.Build.0 = Release|x64
		{671EB8F0-E164-4E9F-B423-27AF4B59D360}.Release|x64.ActiveCfg = Release|x64
		{671EB8F0-E164-4E9F-B423-27AF4B59D360}.Release|x64.Build.0 = Release|x64
		{671EB8F0-E164-4E9F-B423-27AF4B59D360}.Release|x86.ActiveCfg = Release|x86
		{671EB8F0-E164-4E9F-B423-27AF4B59D360}.Release|x86.Build.0 = Release|x86
		{0605872C-AB2B-4167-9B00-A525090D10BE}.Debug|Any CPU.ActiveCfg = Debug|x64
		{0605872C-AB2B-4167-9B00-A525090D10BE}.Debug|Any CPU.Build.0 = Debug|x64
		{0605872C-AB2B-4167-9B00-A525090D10BE}.Debug|x64.ActiveCfg = Debug|x64
		{0605872C-AB2B-4167-9B00-A525090D10BE}.Debug|x64.Build.0 = Debug|x64
		{0605872C-AB2B-4167-9B00-A525090D10BE}.Debug|x86.ActiveCfg = Debug|x86
		{0605872C-AB2B-4167-9B00-A525090D10BE}.Debug|x86.Build.0 = Debug|x86
		{0605872C-AB2B-4167-9B00-A525090D10BE}.Release|Any CPU.ActiveCfg = Release|x64
		{0605872C-AB2B-4167-9B00-A525090D10BE}.Release|Any CPU.Build.0 = Release|x64
		{0605872C-AB2B-4167-9B00-A525090D10BE}.Release|x64.ActiveCfg = Release|x64
		{0605872C-AB2B-4167-9B00-A525090D10BE}.Release|x64.Build.0 = Release|x64
		{0605872C-AB2B-4167-9B00-A525090D10BE}.Release|x86.ActiveCfg = Release|x86
		{0605872C-AB2B-4167-9B00-A525090D10BE}.Release|x86.Build.0 = Release|x86
		{5BFB9A97-A83F-4719-A35B-6421364B9820}.Debug|Any CPU.ActiveCfg = Debug|x64
		{5BFB9A97-A83F-4719-A35B-6421364B9820}.Debug|Any CPU.Build.0 = Debug|x64
		{5BFB9A97-A83F-4719-A35B-6421364B9820}.Debug|x64.ActiveCfg = Debug|x64
		{5BFB9A97-A83F-4719-A35B-6421364B9820}.Debug|x64.Build.0 = Debug|x64
		{5BFB9A97-A83F-4719-A35B-6421364B9820}.Debug|x86.ActiveCfg = Debug|x86
		{5BFB9A97-A83F-4719-A35B-6421364B9820}.Debug|x86.Build.0 = Debug|x86
		{5BFB9A97-A83F-4719-A35B-6421364B9820}.Release|Any CPU.ActiveCfg = Release|x64
		{5BFB9A97-A83F-4719-A35B-6421364B9820}.Release|Any CPU.Build.0 = Release|x64
		{5BFB9A97-A83F-4719-A35B-6421364B9820}.Release|x64.ActiveCfg = Release|x64
		{5BFB9A97-A83F-4719-A35B-6421364B9820}.Release|x64.Build.0 = Release|x64
		{5BFB9A97-A83F-4719-A35B-6421364B9820}.Release|x86.ActiveCfg = Release|x86
		{5BFB9A97-A83F-4719-A35B-6421364B9820}.Release|x86.Build.0 = Release|x86
		{ACB51ACB-82E6-4CA8-B233-2C05A5CEDE01}.Debug|Any CPU.ActiveCfg = Debug|x64
		{ACB51ACB-82E6-4CA8-B233-2C05A5CEDE01}.Debug|Any CPU.Build.0 = Debug|x64
		{ACB51ACB-82E6-4CA8-B233-2C05A5CEDE01}.Debug|x64.ActiveCfg = Debug|x64
		{ACB51ACB-82E6-4CA8-B233-2C05A5CEDE01}.Debug|x64.Build.0 = Debug|x64
		{ACB51ACB-82E6-4CA8-B233-2C05A5CEDE01}.Debug|x86.ActiveCfg = Debug|x86
		{ACB51ACB-82E6-4CA8-B233-2C05A5CEDE01}.Debug|x86.Build.0 = Debug|x86
		{ACB51ACB-82E6-4CA8-B233-2C05A5CEDE01}.Release|Any CPU.ActiveCfg = Release|x64
		{ACB51ACB-82E6-4CA8-B233-2C05A5CEDE01}.Release|Any CPU.Build.0 = Release|x64
		{ACB51ACB-82E6-4CA8-B233-2C05A5CEDE01}.Release|x64.ActiveCfg = Release|x64
		{ACB51ACB-82E6-4CA8-B233-2C05A5CEDE01}.Release|x64.Build.0 = Release|x64
		{ACB51ACB-82E6-4CA8-B233-2C05A5CEDE01}.Release|x86.ActiveCfg = Release|x86
		{ACB51ACB-82E6-4CA8-B233-2C05A5CEDE01}.Release|x86.Build.0 = Release|x86
		{F7ACC09E-899F-4D47-BA1D-4009FB76F6AA}.Debug|Any CPU.ActiveCfg = Debug|x64
		{F7ACC09E-899F-4D47-BA1D-4009FB76F6AA}.Debug|Any CPU.Build.0 = Debug|x64
		{F7ACC09E-899F-4D47-BA1D-4009FB76F6AA}.Debug|x64.ActiveCfg = Debug|x64
		{F7ACC09E-899F-4D47-BA1D-4009FB76F6AA}.Debug|x64.Build.0 = Debug|x64
		{F7ACC09E-899F-4D47-BA1D-4009FB76F6AA}.Debug|x86.ActiveCfg = Debug|x86
		{F7ACC09E-899F-4D47-BA1D-4009FB76F6AA}.Debug|x86.Build.0 = Debug|x86
		{F7ACC09E-899F-4D47-BA1D-4009FB76F6AA}.Release|Any CPU.ActiveCfg = Release|x64
		{F7ACC09E-899F-4D47-BA1D-4009FB76F6AA}.Release|Any CPU.Build.0 = Release|x64
		{F7ACC09E-899F-4D47-BA1D-4009FB76F6AA}.Release|x64.ActiveCfg = Release|x64
		{F7ACC09E-899F-4D47-BA1D-4009FB76F6AA}.Release|x64.Build.0 = Release|x64
		{F7ACC09E-899F-4D47-BA1D-4009FB76F6AA}.Release|x86.ActiveCfg = Release|x86
		{F7ACC09E-899F-4D47-BA1D-4009FB76F6AA}.Release|x86.Build.0 = Release|x86
		{86B61808-6B61-465E-8451-84DC31935C03}.Debug|Any CPU.ActiveCfg = Debug|x64
		{86B61808-6B61-465E-8451-84DC31935C03}.Debug|Any CPU.Build.0 = Debug|x64
		{86B61808-6B61-465E-8451-84DC31935C03}.Debug|x64.ActiveCfg = Debug|x64
		{86B61808-6B61-465E-8451-84DC31935C03}.Debug|x64.Build.0 = Debug|x64
		{86B61808-6B61-465E-8451-84DC31935C03}.Debug|x86.ActiveCfg = Debug|x86
		{86B61808-6B61-465E-8451-84DC31935C03}.Debug|x86.Build.0 = Debug|x86
		{86B61808-6B61-465E-8451-84DC31935C03}.Release|Any CPU.ActiveCfg = Release|x64
		{86B61808-6B61-465E-8451-84DC31935C03}.Release|Any CPU.Build.0 = Release|x64
		{86B61808-6B61-465E-8451-84DC31935C03}.Release|x64.ActiveCfg = Release|x64
		{86B61808-6B61-465E-8451-84DC31935C03}.Release|x64.Build.0 = Release|x64
		{86B61808-6B61-465E-8451-84DC31935C03}.Release|x86.ActiveCfg = Release|x86
		{86B61808-6B61-465E-8451-84DC31935C03}.Release|x86.Build.0 = Release|x86
	EndGlobalSection
	GlobalSection(SolutionProperties) = preSolution
		HideSolutionNode = FALSE
	EndGlobalSection
	GlobalSection(NestedProjects) = preSolution
		{91B6272F-5780-4C94-8071-DBBA7B4F67F3} = {9E5F0022-0A50-40BF-AC6A-C3078585ECAB}
		{C0C8D381-D6B9-4C76-9428-F40F2FA93A9A} = {9E5F0022-0A50-40BF-AC6A-C3078585ECAB}
		{AB8596C1-CFDA-4A5E-9E9C-74A3DF9AED77} = {9E5F0022-0A50-40BF-AC6A-C3078585ECAB}
		{303F8E41-691F-4453-AB7D-88A0036C0465} = {BAF8F246-3645-42AD-B1D0-0F7EAFBAB34A}
		{2A172931-3439-4563-A6E5-525924DC2F76} = {BAF8F246-3645-42AD-B1D0-0F7EAFBAB34A}
		{6690361C-CCD8-42C4-A5CF-82D554B03A3D} = {9E5F0022-0A50-40BF-AC6A-C3078585ECAB}
		{7EA51D34-8E0E-4548-8A7F-5C6F9C3533AF} = {BAF8F246-3645-42AD-B1D0-0F7EAFBAB34A}
		{7220BDBB-084D-40B3-A710-19E3C7147185} = {BAF8F246-3645-42AD-B1D0-0F7EAFBAB34A}
		{8BA1CCCC-B07C-46DD-9D54-0B98B3001100} = {9E5F0022-0A50-40BF-AC6A-C3078585ECAB}
		{94089CFF-FD2A-45EF-A496-874569882E81} = {BAF8F246-3645-42AD-B1D0-0F7EAFBAB34A}
		{4C10E5C1-E212-4744-B92E-49A3AFC314FC} = {BAF8F246-3645-42AD-B1D0-0F7EAFBAB34A}
		{5728056A-51AA-4FF5-AD0C-E86E44E36102} = {5C915382-C886-457D-8641-9E766D8E5A17}
		{82A3CE96-0935-45E5-A9AA-A93A5B63500B} = {E409ADD3-9574-465C-AB09-4324D205CC7C}
		{EFAE6960-9425-462E-BFFB-4C9A038DD8C0} = {82A3CE96-0935-45E5-A9AA-A93A5B63500B}
		{6615B3D8-87C7-40D4-A7EA-19A7BFC7FD24} = {82A3CE96-0935-45E5-A9AA-A93A5B63500B}
		{4DDEEB10-A6B5-4A46-96C1-1B7276B61E08} = {36004B32-55EB-4591-B6D2-B99DE373D0B8}
		{7A95C636-A6E9-4156-B18E-28C1BE065A1A} = {36004B32-55EB-4591-B6D2-B99DE373D0B8}
		{20B74D4B-B777-4E33-AE1F-7D536DFA6BE6} = {5C915382-C886-457D-8641-9E766D8E5A17}
		{91A299AD-6C09-4B7F-BD8B-A705D9BFC672} = {5C915382-C886-457D-8641-9E766D8E5A17}
		{E409ADD3-9574-465C-AB09-4324D205CC7C} = {91A299AD-6C09-4B7F-BD8B-A705D9BFC672}
		{63FD1231-345F-461E-A9C2-237ED305ED11} = {E409ADD3-9574-465C-AB09-4324D205CC7C}
		{735434B9-6555-4DEE-97FC-786C763CA1F1} = {5C915382-C886-457D-8641-9E766D8E5A17}
		{E3ABDF7D-4592-4923-907C-D351DDF1CBE9} = {91A299AD-6C09-4B7F-BD8B-A705D9BFC672}
		{CF5EFBA1-A852-4D11-968D-CE6A9A46B299} = {E3ABDF7D-4592-4923-907C-D351DDF1CBE9}
		{5FDB5603-21D3-446A-8B50-36DACCF7C2FF} = {E409ADD3-9574-465C-AB09-4324D205CC7C}
		{35AB65D8-D76E-40C6-B10C-501A6D44C9E0} = {5C915382-C886-457D-8641-9E766D8E5A17}
		{E04DA938-E153-4A0D-9CB0-EAC38210FAF2} = {9E5F0022-0A50-40BF-AC6A-C3078585ECAB}
		{FF665CC4-6643-4614-A1A0-FA182E3AF37C} = {E409ADD3-9574-465C-AB09-4324D205CC7C}
		{E026D9FA-FBD5-4066-AF6A-FB63DE28521F} = {9E5F0022-0A50-40BF-AC6A-C3078585ECAB}
		{065FEB4E-A99E-4A59-8112-1CB30CF794F9} = {5C915382-C886-457D-8641-9E766D8E5A17}
		{56938BD4-37F4-4E3F-BFBF-80F0309DFDBF} = {BAF8F246-3645-42AD-B1D0-0F7EAFBAB34A}
		{346746C5-A0EA-40D8-A1C7-FE324BDF3772} = {BAF8F246-3645-42AD-B1D0-0F7EAFBAB34A}
		{4E17BE29-B227-41D8-97FE-26F674951E26} = {E409ADD3-9574-465C-AB09-4324D205CC7C}
		{6ACF2A48-427F-4EF2-81B5-EE9CDB0476C6} = {BAF8F246-3645-42AD-B1D0-0F7EAFBAB34A}
		{3B77F975-BF66-4218-9982-F48D3271DDFE} = {E409ADD3-9574-465C-AB09-4324D205CC7C}
		{2120CFA2-9D16-45F0-A333-B0385C371509} = {E409ADD3-9574-465C-AB09-4324D205CC7C}
		{42BABA6C-1954-4F52-85C8-D336C00F06D9} = {E409ADD3-9574-465C-AB09-4324D205CC7C}
		{DC54F01E-1D5C-4ECF-B5B9-14EECD2B4CF6} = {E409ADD3-9574-465C-AB09-4324D205CC7C}
		{CB4EA9F4-EE1B-4009-B3CD-215DCE8BE214} = {82A3CE96-0935-45E5-A9AA-A93A5B63500B}
		{E7C2D2CF-C965-449D-A02C-02F7837D0C6D} = {E409ADD3-9574-465C-AB09-4324D205CC7C}
		{671EB8F0-E164-4E9F-B423-27AF4B59D360} = {E409ADD3-9574-465C-AB09-4324D205CC7C}
		{0605872C-AB2B-4167-9B00-A525090D10BE} = {E409ADD3-9574-465C-AB09-4324D205CC7C}
		{5BFB9A97-A83F-4719-A35B-6421364B9820} = {E409ADD3-9574-465C-AB09-4324D205CC7C}
		{ACB51ACB-82E6-4CA8-B233-2C05A5CEDE01} = {E409ADD3-9574-465C-AB09-4324D205CC7C}
		{F7ACC09E-899F-4D47-BA1D-4009FB76F6AA} = {E409ADD3-9574-465C-AB09-4324D205CC7C}
		{86B61808-6B61-465E-8451-84DC31935C03} = {E409ADD3-9574-465C-AB09-4324D205CC7C}
	EndGlobalSection
	GlobalSection(ExtensibilityGlobals) = postSolution
		SolutionGuid = {160A1D00-1F5B-40F8-A155-621B4459D78F}
	EndGlobalSection
EndGlobal
