
Microsoft Visual Studio Solution File, Format Version 12.00
# Visual Studio Version 17
VisualStudioVersion = 17.14.35806.103
MinimumVisualStudioVersion = 10.0.40219.1
Project("{FAE04EC0-301F-11D3-BF4B-00C04F79EFBC}") = "OpenTelemetry.AutoInstrumentation.Sdk", "src\OpenTelemetry.AutoInstrumentation.Sdk\OpenTelemetry.AutoInstrumentation.Sdk.csproj", "{9EABD03E-892E-5A8F-A83C-5D80A23784B8}"
EndProject
Project("{2150E333-8FDC-42A3-9474-1A3956D46DE8}") = "Solution Items", "Solution Items", "{8EC462FD-D22E-90A8-E5CE-7E832BA40C5D}"
	ProjectSection(SolutionItems) = preProject
		.editorconfig = .editorconfig
		CodeAnalysis.ruleset = CodeAnalysis.ruleset
		Directory.Build.props = Directory.Build.props
		Directory.Packages.props = Directory.Packages.props
		global.json = global.json
		stylecop.json = stylecop.json
	EndProjectSection
EndProject
Project("{FAE04EC0-301F-11D3-BF4B-00C04F79EFBC}") = "OpenTelemetry.AutoInstrumentation.Sdk.Configuration", "src\OpenTelemetry.AutoInstrumentation.Sdk.Configuration\OpenTelemetry.AutoInstrumentation.Sdk.Configuration.csproj", "{65C82359-1568-DE42-DB54-51AB48398113}"
EndProject
Global
	GlobalSection(SolutionConfigurationPlatforms) = preSolution
		Debug|Any CPU = Debug|Any CPU
		Release|Any CPU = Release|Any CPU
	EndGlobalSection
	GlobalSection(ProjectConfigurationPlatforms) = postSolution
		{9EABD03E-892E-5A8F-A83C-5D80A23784B8}.Debug|Any CPU.ActiveCfg = Debug|Any CPU
		{9EABD03E-892E-5A8F-A83C-5D80A23784B8}.Debug|Any CPU.Build.0 = Debug|Any CPU
		{9EABD03E-892E-5A8F-A83C-5D80A23784B8}.Release|Any CPU.ActiveCfg = Release|Any CPU
		{9EABD03E-892E-5A8F-A83C-5D80A23784B8}.Release|Any CPU.Build.0 = Release|Any CPU
		{65C82359-1568-DE42-DB54-51AB48398113}.Debug|Any CPU.ActiveCfg = Debug|Any CPU
		{65C82359-1568-DE42-DB54-51AB48398113}.Debug|Any CPU.Build.0 = Debug|Any CPU
		{65C82359-1568-DE42-DB54-51AB48398113}.Release|Any CPU.ActiveCfg = Release|Any CPU
		{65C82359-1568-DE42-DB54-51AB48398113}.Release|Any CPU.Build.0 = Release|Any CPU
	EndGlobalSection
	GlobalSection(SolutionProperties) = preSolution
		HideSolutionNode = FALSE
	EndGlobalSection
	GlobalSection(ExtensibilityGlobals) = postSolution
		SolutionGuid = {46AE161F-4B02-42D0-872D-8D3712D22CF3}
	EndGlobalSection
EndGlobal
