
Microsoft Visual Studio Solution File, Format Version 12.00
# Visual Studio Version 16
VisualStudioVersion = 16.0.30611.23
MinimumVisualStudioVersion = 10.0.40219.1
Project("{9A19103F-16F7-4668-BE54-9A1E7A4F7556}") = "OpenTelemetry.AutoInstrumentation.ActivityCollector", "OpenTelemetry.AutoInstrumentation.ActivityCollector.csproj", "{71A5BAC5-2B4A-43B5-80C3-98FBEA2975C0}"
EndProject
Project("{9A19103F-16F7-4668-BE54-9A1E7A4F7556}") = "OpenTelemetry.DynamicActivityBinding", "..\OpenTelemetry.DynamicActivityBinding\OpenTelemetry.DynamicActivityBinding.csproj", "{F447CF51-4269-4188-8587-2C85BEBA5B46}"
EndProject
Project("{9A19103F-16F7-4668-BE54-9A1E7A4F7556}") = "Datadog.Trace", "..\Datadog.Trace\Datadog.Trace.csproj", "{5C4A144D-B51C-4474-AAE2-E019D636BB64}"
EndProject
Global
	GlobalSection(SolutionConfigurationPlatforms) = preSolution
		Debug|Any CPU = Debug|Any CPU
		Release|Any CPU = Release|Any CPU
	EndGlobalSection
	GlobalSection(ProjectConfigurationPlatforms) = postSolution
		{71A5BAC5-2B4A-43B5-80C3-98FBEA2975C0}.Debug|Any CPU.ActiveCfg = Debug|Any CPU
		{71A5BAC5-2B4A-43B5-80C3-98FBEA2975C0}.Debug|Any CPU.Build.0 = Debug|Any CPU
		{71A5BAC5-2B4A-43B5-80C3-98FBEA2975C0}.Release|Any CPU.ActiveCfg = Release|Any CPU
		{71A5BAC5-2B4A-43B5-80C3-98FBEA2975C0}.Release|Any CPU.Build.0 = Release|Any CPU
		{F447CF51-4269-4188-8587-2C85BEBA5B46}.Debug|Any CPU.ActiveCfg = Debug|Any CPU
		{F447CF51-4269-4188-8587-2C85BEBA5B46}.Debug|Any CPU.Build.0 = Debug|Any CPU
		{F447CF51-4269-4188-8587-2C85BEBA5B46}.Release|Any CPU.ActiveCfg = Release|Any CPU
		{F447CF51-4269-4188-8587-2C85BEBA5B46}.Release|Any CPU.Build.0 = Release|Any CPU
		{5C4A144D-B51C-4474-AAE2-E019D636BB64}.Debug|Any CPU.ActiveCfg = Debug|Any CPU
		{5C4A144D-B51C-4474-AAE2-E019D636BB64}.Debug|Any CPU.Build.0 = Debug|Any CPU
		{5C4A144D-B51C-4474-AAE2-E019D636BB64}.Release|Any CPU.ActiveCfg = Release|Any CPU
		{5C4A144D-B51C-4474-AAE2-E019D636BB64}.Release|Any CPU.Build.0 = Release|Any CPU
	EndGlobalSection
	GlobalSection(SolutionProperties) = preSolution
		HideSolutionNode = FALSE
	EndGlobalSection
	GlobalSection(ExtensibilityGlobals) = postSolution
		SolutionGuid = {E1118B85-A8B9-49E8-8CF6-9928AB5E6077}
	EndGlobalSection
EndGlobal
