
Microsoft Visual Studio Solution File, Format Version 12.00
# Visual Studio Version 17
VisualStudioVersion = 17.0.31903.59
MinimumVisualStudioVersion = 10.0.40219.1
Project("{2150E333-8FDC-42A3-9474-1A3956D46DE8}") = "Client", "Client", "{2CB42F12-E813-91B3-7D11-3220E40BEF4A}"
EndProject
Project("{FAE04EC0-301F-11D3-BF4B-00C04F79EFBC}") = "Examples.Client", "Client\Examples.Client.csproj", "{AC2A0A68-2F7F-453B-95FD-A7C1BAC6FF0C}"
EndProject
Project("{2150E333-8FDC-42A3-9474-1A3956D46DE8}") = "Service", "Service", "{226567F5-DD15-7888-5BF1-C4407778305A}"
EndProject
Project("{FAE04EC0-301F-11D3-BF4B-00C04F79EFBC}") = "Examples.Service", "Service\Examples.Service.csproj", "{8D520079-DB45-4E09-A00B-907C55DA1D6D}"
EndProject
Global
	GlobalSection(SolutionConfigurationPlatforms) = preSolution
		Debug|Any CPU = Debug|Any CPU
		Debug|x64 = Debug|x64
		Debug|x86 = Debug|x86
		Release|Any CPU = Release|Any CPU
		Release|x64 = Release|x64
		Release|x86 = Release|x86
	EndGlobalSection
	GlobalSection(ProjectConfigurationPlatforms) = postSolution
		{AC2A0A68-2F7F-453B-95FD-A7C1BAC6FF0C}.Debug|Any CPU.ActiveCfg = Debug|Any CPU
		{AC2A0A68-2F7F-453B-95FD-A7C1BAC6FF0C}.Debug|Any CPU.Build.0 = Debug|Any CPU
		{AC2A0A68-2F7F-453B-95FD-A7C1BAC6FF0C}.Release|Any CPU.ActiveCfg = Release|Any CPU
		{AC2A0A68-2F7F-453B-95FD-A7C1BAC6FF0C}.Release|Any CPU.Build.0 = Release|Any CPU
		{8D520079-DB45-4E09-A00B-907C55DA1D6D}.Debug|Any CPU.ActiveCfg = Debug|Any CPU
		{8D520079-DB45-4E09-A00B-907C55DA1D6D}.Debug|Any CPU.Build.0 = Debug|Any CPU
		{8D520079-DB45-4E09-A00B-907C55DA1D6D}.Release|Any CPU.ActiveCfg = Release|Any CPU
		{8D520079-DB45-4E09-A00B-907C55DA1D6D}.Release|Any CPU.Build.0 = Release|Any CPU
	EndGlobalSection
	GlobalSection(SolutionProperties) = preSolution
		HideSolutionNode = FALSE
	EndGlobalSection
	GlobalSection(NestedProjects) = preSolution
		{AC2A0A68-2F7F-453B-95FD-A7C1BAC6FF0C} = {2CB42F12-E813-91B3-7D11-3220E40BEF4A}
		{8D520079-DB45-4E09-A00B-907C55DA1D6D} = {226567F5-DD15-7888-5BF1-C4407778305A}
	EndGlobalSection
EndGlobal
